{
  "version": 4,
  "terraform_version": "1.4.6",
  "serial": 1420,
  "lineage": "aa81e588-ef7f-8bf7-5ba9-8859ca041a8b",
  "outputs": {},
  "resources": [
    {
      "module": "module.dynamodb",
      "mode": "managed",
      "type": "aws_dynamodb_table",
      "name": "dynamodb_table",
      "provider": "provider[\"registry.terraform.io/hashicorp/aws\"]",
      "instances": [
        {
          "schema_version": 1,
          "attributes": {
            "arn": "arn:aws:dynamodb:us-east-2:342134162356:table/ndnp-open-ocr-table",
            "attribute": [
              {
                "name": "pk",
                "type": "S"
              },
              {
                "name": "sk",
                "type": "S"
              }
            ],
            "billing_mode": "PROVISIONED",
            "global_secondary_index": [],
            "hash_key": "pk",
            "id": "ndnp-open-ocr-table",
            "local_secondary_index": [],
            "name": "ndnp-open-ocr-table",
            "point_in_time_recovery": [
              {
                "enabled": false
              }
            ],
            "range_key": "sk",
            "read_capacity": 10,
            "replica": [],
            "restore_date_time": null,
            "restore_source_name": null,
            "restore_to_latest_time": null,
            "server_side_encryption": [],
            "stream_arn": "",
            "stream_enabled": false,
            "stream_label": "",
            "stream_view_type": "",
            "table_class": "",
            "tags": {},
            "tags_all": {},
            "timeouts": null,
            "ttl": [
              {
                "attribute_name": "",
                "enabled": false
              }
            ],
            "write_capacity": 10
          },
          "sensitive_attributes": [],
          "private": "eyJlMmJmYjczMC1lY2FhLTExZTYtOGY4OC0zNDM2M2JjN2M0YzAiOnsiY3JlYXRlIjoxODAwMDAwMDAwMDAwLCJkZWxldGUiOjYwMDAwMDAwMDAwMCwidXBkYXRlIjozNjAwMDAwMDAwMDAwfSwic2NoZW1hX3ZlcnNpb24iOiIxIn0="
        }
      ]
    },
    {
      "module": "module.iam",
      "mode": "managed",
      "type": "aws_iam_policy",
      "name": "iam_policy_for_lambda",
      "provider": "provider[\"registry.terraform.io/hashicorp/aws\"]",
      "instances": [
        {
          "schema_version": 0,
          "attributes": {
            "arn": "arn:aws:iam::342134162356:policy/ndnp-open-ocr-iam-policy-for-lambda-dev",
            "description": "AWS IAM Policy for managing aws lambda role",
            "id": "arn:aws:iam::342134162356:policy/ndnp-open-ocr-iam-policy-for-lambda-dev",
            "name": "ndnp-open-ocr-iam-policy-for-lambda-dev",
            "name_prefix": null,
            "path": "/",
            "policy": "{\"Statement\":[{\"Action\":[\"logs:CreateLogGroup\",\"logs:CreateLogStream\",\"logs:PutLogEvents\",\"sqs:ReceiveMessage\",\"sqs:SendMessage\",\"sqs:DeleteMessage\",\"sqs:*\",\"s3:*\",\"dynamodb:*\"],\"Effect\":\"Allow\",\"Resource\":\"*\"}],\"Version\":\"2012-10-17\"}",
            "policy_id": "ANPAU7KGJAO2O7CQPOOO6",
            "tags": {},
            "tags_all": {}
          },
          "sensitive_attributes": [],
          "private": "bnVsbA=="
        }
      ]
    },
    {
      "module": "module.iam",
      "mode": "managed",
      "type": "aws_iam_role",
      "name": "iam_for_lambda",
      "provider": "provider[\"registry.terraform.io/hashicorp/aws\"]",
      "instances": [
        {
          "schema_version": 0,
          "attributes": {
            "arn": "arn:aws:iam::342134162356:role/ndnp-open-ocr-lambda-service-role-dev",
            "assume_role_policy": "{\"Version\":\"2012-10-17\",\"Statement\":[{\"Effect\":\"Allow\",\"Principal\":{\"Service\":\"lambda.amazonaws.com\"},\"Action\":\"sts:AssumeRole\"}]}",
            "create_date": "2023-07-08T22:26:48Z",
            "description": "",
            "force_detach_policies": false,
            "id": "ndnp-open-ocr-lambda-service-role-dev",
            "inline_policy": [
              {
                "name": "",
                "policy": ""
              }
            ],
            "managed_policy_arns": [],
            "max_session_duration": 3600,
            "name": "ndnp-open-ocr-lambda-service-role-dev",
            "name_prefix": "",
            "path": "/",
            "permissions_boundary": null,
            "tags": {},
            "tags_all": {},
            "unique_id": "AROAU7KGJAO2CCIEIIKYD"
          },
          "sensitive_attributes": [],
          "private": "bnVsbA=="
        }
      ]
    },
    {
      "module": "module.iam",
      "mode": "managed",
      "type": "aws_iam_role",
      "name": "lambda_role",
      "provider": "provider[\"registry.terraform.io/hashicorp/aws\"]",
      "instances": [
        {
          "schema_version": 0,
          "attributes": {
            "arn": "arn:aws:iam::342134162356:role/ndnp-open-ocr-lambda-role-dev",
            "assume_role_policy": "{\"Version\":\"2012-10-17\",\"Statement\":[{\"Sid\":\"\",\"Effect\":\"Allow\",\"Principal\":{\"Service\":\"lambda.amazonaws.com\"},\"Action\":\"sts:AssumeRole\"}]}",
            "create_date": "2023-07-06T15:43:44Z",
            "description": "",
            "force_detach_policies": false,
            "id": "ndnp-open-ocr-lambda-role-dev",
            "inline_policy": [
              {
                "name": "",
                "policy": ""
              }
            ],
            "managed_policy_arns": [
              "arn:aws:iam::342134162356:policy/SCOPED_NDNP_OPEN_OCR_DEVELOPER_DEV_3",
              "arn:aws:iam::342134162356:policy/ndnp-open-ocr-iam-policy-for-lambda-dev"
            ],
            "max_session_duration": 3600,
            "name": "ndnp-open-ocr-lambda-role-dev",
            "name_prefix": "",
            "path": "/",
            "permissions_boundary": null,
            "tags": {},
            "tags_all": {},
            "unique_id": "AROAU7KGJAO2LWEYBAUDT"
          },
          "sensitive_attributes": [],
          "private": "bnVsbA=="
        }
      ]
    },
    {
      "module": "module.iam",
      "mode": "managed",
      "type": "aws_iam_role_policy_attachment",
      "name": "attach_iam_policy_to_iam_role",
      "provider": "provider[\"registry.terraform.io/hashicorp/aws\"]",
      "instances": [
        {
          "schema_version": 0,
          "attributes": {
            "id": "ndnp-open-ocr-lambda-role-dev-20230708222649455300000001",
            "policy_arn": "arn:aws:iam::342134162356:policy/ndnp-open-ocr-iam-policy-for-lambda-dev",
            "role": "ndnp-open-ocr-lambda-role-dev"
          },
          "sensitive_attributes": [],
          "private": "bnVsbA==",
          "dependencies": [
            "module.iam.aws_iam_policy.iam_policy_for_lambda",
            "module.iam.aws_iam_role.lambda_role"
          ]
        }
      ]
    },
    {
      "module": "module.lambda",
      "mode": "data",
      "type": "archive_file",
      "name": "zip",
      "provider": "provider[\"registry.terraform.io/hashicorp/archive\"]",
      "instances": [
        {
          "schema_version": 0,
          "attributes": {
            "exclude_symlink_directories": null,
            "excludes": null,
            "id": "fffe9f22286a0c721faadcb9187fb22cf14632e6",
            "output_base64sha256": "tLwzUn2+ftouG5BOlTR3w3yF7wXhJn6ARvhqb88lPLs=",
            "output_base64sha512": "SlSiCcNCMZo+w+fQRYiwiIom03C/V34JfrS8YsV7JrOvGQuITKdBKNoedqW1a/aB0SJc5vxwyOtPBlyQbcURbQ==",
            "output_file_mode": null,
            "output_md5": "2513090f62c6fab832ef5c329c7fe68b",
            "output_path": "./resources/lambda/functions.zip",
            "output_sha": "fffe9f22286a0c721faadcb9187fb22cf14632e6",
            "output_sha256": "b4bc33527dbe7eda2e1b904e953477c37c85ef05e1267e8046f86a6fcf253cbb",
            "output_sha512": "4a54a209c342319a3ec3e7d04588b0888a26d370bf577e097eb4bc62c57b26b3af190b884ca74128da1e76a5b56bf681d1225ce6fc70c8eb4f065c906dc5116d",
            "output_size": 39439,
            "source": [],
            "source_content": null,
            "source_content_filename": null,
            "source_dir": "./lambdas",
            "source_file": null,
            "type": "zip"
          },
          "sensitive_attributes": []
        }
      ]
    },
    {
      "module": "module.lambda",
      "mode": "managed",
      "type": "aws_cloudwatch_log_group",
      "name": "alto_consumer_function_log_group",
      "provider": "provider[\"registry.terraform.io/hashicorp/aws\"]",
      "instances": [
        {
          "schema_version": 0,
          "attributes": {
            "arn": "arn:aws:logs:us-east-2:342134162356:log-group:/aws/lambda/ndnp-open-ocr-alto-consumer-lambda-function-dev",
            "id": "/aws/lambda/ndnp-open-ocr-alto-consumer-lambda-function-dev",
            "kms_key_id": "",
            "name": "/aws/lambda/ndnp-open-ocr-alto-consumer-lambda-function-dev",
            "name_prefix": null,
            "retention_in_days": 14,
            "tags": {},
            "tags_all": {}
          },
          "sensitive_attributes": [],
          "private": "bnVsbA==",
          "dependencies": [
            "module.iam.aws_iam_role.lambda_role",
            "module.lambda.aws_lambda_function.alto_consumer_function",
            "module.lambda.aws_lambda_layer_version.lambda_layer",
            "module.lambda.data.archive_file.zip",
            "module.s3.aws_s3_bucket.bucket",
            "module.sqs.aws_sqs_queue.alto_dlq",
            "module.sqs.aws_sqs_queue.alto_queue"
          ]
        }
      ]
    },
    {
      "module": "module.lambda",
      "mode": "managed",
      "type": "aws_cloudwatch_log_group",
      "name": "alto_dlq_consumer_function_log_group",
      "provider": "provider[\"registry.terraform.io/hashicorp/aws\"]",
      "instances": [
        {
          "schema_version": 0,
          "attributes": {
            "arn": "arn:aws:logs:us-east-2:342134162356:log-group:/aws/lambda/ndnp-open-ocr-alto-dlq-consumer-function",
            "id": "/aws/lambda/ndnp-open-ocr-alto-dlq-consumer-function",
            "kms_key_id": "",
            "name": "/aws/lambda/ndnp-open-ocr-alto-dlq-consumer-function",
            "name_prefix": null,
            "retention_in_days": 14,
            "tags": {},
            "tags_all": {}
          },
          "sensitive_attributes": [],
          "private": "bnVsbA==",
          "dependencies": [
            "module.iam.aws_iam_role.lambda_role",
            "module.lambda.aws_lambda_function.alto_dlq_consumer_function",
            "module.lambda.aws_lambda_layer_version.lambda_layer",
            "module.lambda.data.archive_file.zip",
            "module.s3.aws_s3_bucket.bucket",
            "module.sqs.aws_sqs_queue.alto_dlq"
          ]
        }
      ]
    },
    {
      "module": "module.lambda",
      "mode": "managed",
      "type": "aws_cloudwatch_log_group",
      "name": "dlq_consumer_function_log_group",
      "provider": "provider[\"registry.terraform.io/hashicorp/aws\"]",
      "instances": [
        {
          "schema_version": 0,
          "attributes": {
            "arn": "arn:aws:logs:us-east-2:342134162356:log-group:/aws/lambda/ndnp-open-ocr-pdf-dlq-consumer-function",
            "id": "/aws/lambda/ndnp-open-ocr-pdf-dlq-consumer-function",
            "kms_key_id": "",
            "name": "/aws/lambda/ndnp-open-ocr-pdf-dlq-consumer-function",
            "name_prefix": null,
            "retention_in_days": 14,
            "tags": {},
            "tags_all": {}
          },
          "sensitive_attributes": [],
          "private": "bnVsbA==",
          "dependencies": [
            "module.iam.aws_iam_role.lambda_role",
            "module.lambda.aws_lambda_function.pdf_dlq_consumer_function",
            "module.lambda.aws_lambda_layer_version.lambda_layer",
            "module.lambda.data.archive_file.zip",
            "module.s3.aws_s3_bucket.bucket",
            "module.sqs.aws_sqs_queue.pdf_dlq"
          ]
        }
      ]
    },
    {
      "module": "module.lambda",
      "mode": "managed",
      "type": "aws_cloudwatch_log_group",
      "name": "pdf_consumer_function_log_group",
      "provider": "provider[\"registry.terraform.io/hashicorp/aws\"]",
      "instances": [
        {
          "schema_version": 0,
          "attributes": {
            "arn": "arn:aws:logs:us-east-2:342134162356:log-group:/aws/lambda/ndnp-open-ocr-pdf-consumer-lambda-function-dev",
            "id": "/aws/lambda/ndnp-open-ocr-pdf-consumer-lambda-function-dev",
            "kms_key_id": "",
            "name": "/aws/lambda/ndnp-open-ocr-pdf-consumer-lambda-function-dev",
            "name_prefix": null,
            "retention_in_days": 14,
            "tags": {},
            "tags_all": {}
          },
          "sensitive_attributes": [],
          "private": "bnVsbA==",
          "dependencies": [
            "module.iam.aws_iam_role.lambda_role",
            "module.lambda.aws_lambda_function.pdf_consumer_function",
            "module.lambda.aws_lambda_layer_version.lambda_layer",
            "module.lambda.data.archive_file.zip",
            "module.s3.aws_s3_bucket.bucket",
            "module.sqs.aws_sqs_queue.alto_dlq",
            "module.sqs.aws_sqs_queue.alto_queue",
            "module.sqs.aws_sqs_queue.pdf_dlq",
            "module.sqs.aws_sqs_queue.pdf_queue"
          ]
        }
      ]
    },
    {
      "module": "module.lambda",
      "mode": "managed",
      "type": "aws_cloudwatch_log_group",
      "name": "scheduler_function_log_group",
      "provider": "provider[\"registry.terraform.io/hashicorp/aws\"]",
      "instances": [
        {
          "schema_version": 0,
          "attributes": {
            "arn": "arn:aws:logs:us-east-2:342134162356:log-group:/aws/lambda/ndnp-open-ocr-scheduler-lambda-function-dev",
            "id": "/aws/lambda/ndnp-open-ocr-scheduler-lambda-function-dev",
            "kms_key_id": "",
            "name": "/aws/lambda/ndnp-open-ocr-scheduler-lambda-function-dev",
            "name_prefix": null,
            "retention_in_days": 14,
            "tags": {},
            "tags_all": {}
          },
          "sensitive_attributes": [],
          "private": "bnVsbA==",
          "dependencies": [
            "module.iam.aws_iam_role.lambda_role",
            "module.lambda.aws_lambda_function.scheduler_function",
            "module.lambda.aws_lambda_layer_version.lambda_layer",
            "module.lambda.data.archive_file.zip",
            "module.sqs.aws_sqs_queue.alto_dlq",
            "module.sqs.aws_sqs_queue.alto_queue",
            "module.sqs.aws_sqs_queue.pdf_dlq",
            "module.sqs.aws_sqs_queue.pdf_queue"
          ]
        }
      ]
    },
    {
      "module": "module.lambda",
      "mode": "managed",
      "type": "aws_lambda_event_source_mapping",
      "name": "alto_event_source_mapping",
      "provider": "provider[\"registry.terraform.io/hashicorp/aws\"]",
      "instances": [
        {
          "schema_version": 0,
          "attributes": {
            "batch_size": 1,
            "bisect_batch_on_function_error": false,
            "destination_config": [],
            "enabled": true,
            "event_source_arn": "arn:aws:sqs:us-east-2:342134162356:ndnp-open-ocr-alto-consumer-sqs-queue",
            "filter_criteria": [],
            "function_arn": "arn:aws:lambda:us-east-2:342134162356:function:ndnp-open-ocr-alto-consumer-lambda-function-dev",
            "function_name": "arn:aws:lambda:us-east-2:342134162356:function:ndnp-open-ocr-alto-consumer-lambda-function-dev",
            "function_response_types": [],
            "id": "184d66c5-c057-4bcf-8ae2-5fbd1d59b029",
            "last_modified": "2023-08-29T19:54:47Z",
            "last_processing_result": "",
            "maximum_batching_window_in_seconds": 0,
            "maximum_record_age_in_seconds": 0,
            "maximum_retry_attempts": 0,
            "parallelization_factor": 0,
            "queues": [],
            "self_managed_event_source": [],
            "source_access_configuration": [],
            "starting_position": "",
            "starting_position_timestamp": "",
            "state": "Enabled",
            "state_transition_reason": "USER_INITIATED",
            "topics": [],
            "tumbling_window_in_seconds": 0,
            "uuid": "184d66c5-c057-4bcf-8ae2-5fbd1d59b029"
          },
          "sensitive_attributes": [],
          "private": "bnVsbA==",
          "dependencies": [
            "module.iam.aws_iam_role.lambda_role",
            "module.lambda.aws_lambda_function.alto_consumer_function",
            "module.lambda.aws_lambda_layer_version.lambda_layer",
            "module.lambda.data.archive_file.zip",
            "module.s3.aws_s3_bucket.bucket",
            "module.sqs.aws_sqs_queue.alto_dlq",
            "module.sqs.aws_sqs_queue.alto_queue"
          ]
        }
      ]
    },
    {
      "module": "module.lambda",
      "mode": "managed",
      "type": "aws_lambda_event_source_mapping",
      "name": "pdf_event_source_mapping",
      "provider": "provider[\"registry.terraform.io/hashicorp/aws\"]",
      "instances": [
        {
          "schema_version": 0,
          "attributes": {
            "batch_size": 1,
            "bisect_batch_on_function_error": false,
            "destination_config": [],
            "enabled": true,
            "event_source_arn": "arn:aws:sqs:us-east-2:342134162356:ndnp-open-ocr-pdf-consumer-sqs-queue",
            "filter_criteria": [],
            "function_arn": "arn:aws:lambda:us-east-2:342134162356:function:ndnp-open-ocr-pdf-consumer-lambda-function-dev",
            "function_name": "arn:aws:lambda:us-east-2:342134162356:function:ndnp-open-ocr-pdf-consumer-lambda-function-dev",
            "function_response_types": [],
            "id": "58c58d5b-551b-410c-aff7-7da5fbe866da",
            "last_modified": "2023-08-29T19:54:17Z",
            "last_processing_result": "",
            "maximum_batching_window_in_seconds": 0,
            "maximum_record_age_in_seconds": 0,
            "maximum_retry_attempts": 0,
            "parallelization_factor": 0,
            "queues": [],
            "self_managed_event_source": [],
            "source_access_configuration": [],
            "starting_position": "",
            "starting_position_timestamp": "",
            "state": "Enabled",
            "state_transition_reason": "USER_INITIATED",
            "topics": [],
            "tumbling_window_in_seconds": 0,
            "uuid": "58c58d5b-551b-410c-aff7-7da5fbe866da"
          },
          "sensitive_attributes": [],
          "private": "bnVsbA==",
          "dependencies": [
            "module.iam.aws_iam_role.lambda_role",
            "module.lambda.aws_lambda_function.pdf_consumer_function",
            "module.lambda.aws_lambda_layer_version.lambda_layer",
            "module.lambda.data.archive_file.zip",
            "module.s3.aws_s3_bucket.bucket",
            "module.sqs.aws_sqs_queue.alto_dlq",
            "module.sqs.aws_sqs_queue.alto_queue",
            "module.sqs.aws_sqs_queue.pdf_dlq",
            "module.sqs.aws_sqs_queue.pdf_queue"
          ]
        }
      ]
    },
    {
      "module": "module.lambda",
      "mode": "managed",
      "type": "aws_lambda_function",
      "name": "alto_consumer_function",
      "provider": "provider[\"registry.terraform.io/hashicorp/aws\"]",
      "instances": [
        {
          "schema_version": 0,
          "attributes": {
            "architectures": [
              "x86_64"
            ],
            "arn": "arn:aws:lambda:us-east-2:342134162356:function:ndnp-open-ocr-alto-consumer-lambda-function-dev",
            "code_signing_config_arn": "",
            "dead_letter_config": [],
            "description": "",
            "environment": [
              {
                "variables": {
                  "LD_LIBRARY_PATH": "/opt/lib",
                  "OUTPUT_BUCKET_NAME": "ndnp-open-ocr-output-bucket-test",
                  "PATH": "/opt/bin:/usr/local/bin:/usr/bin:/bin:/opt/python/lib/python3.8/site-packages",
                  "PYTHONPATH": "/opt/python/:/opt/python/lib/python3.8/site-packages",
                  "QUEUE_URL": "https://sqs.us-east-2.amazonaws.com/342134162356/ndnp-open-ocr-alto-consumer-sqs-queue",
                  "TABLE_NAME": "ndnp-open-ocr-table",
                  "TESSDATA_PREFIX": "/opt/share/tessdata",
                  "TMP": "/tmp"
                }
              }
            ],
            "file_system_config": [],
            "filename": "./resources/lambda/functions.zip",
            "function_name": "ndnp-open-ocr-alto-consumer-lambda-function-dev",
            "handler": "alto_consumer.handler",
            "id": "ndnp-open-ocr-alto-consumer-lambda-function-dev",
            "image_config": [],
            "image_uri": "",
            "invoke_arn": "arn:aws:apigateway:us-east-2:lambda:path/2015-03-31/functions/arn:aws:lambda:us-east-2:342134162356:function:ndnp-open-ocr-alto-consumer-lambda-function-dev/invocations",
            "kms_key_arn": "",
            "last_modified": "2023-10-02T16:21:59.000+0000",
            "layers": [
              "arn:aws:lambda:us-east-2:342134162356:layer:ndnp-open-ocr-layer:27",
              "arn:aws:lambda:us-east-2:764866452798:layer:ghostscript:13",
              "arn:aws:lambda:us-east-2:445285296882:layer:perl-5-32-runtime-al2:2"
            ],
            "memory_size": 4000,
            "package_type": "Zip",
            "publish": false,
            "qualified_arn": "arn:aws:lambda:us-east-2:342134162356:function:ndnp-open-ocr-alto-consumer-lambda-function-dev:$LATEST",
            "reserved_concurrent_executions": -1,
            "role": "arn:aws:iam::342134162356:role/ndnp-open-ocr-lambda-role-dev",
            "runtime": "python3.8",
            "s3_bucket": null,
            "s3_key": null,
            "s3_object_version": null,
            "signing_job_arn": "",
            "signing_profile_version_arn": "",
            "source_code_hash": "tLwzUn2+ftouG5BOlTR3w3yF7wXhJn6ARvhqb88lPLs=",
            "source_code_size": 39439,
            "tags": {},
            "tags_all": {},
            "timeout": 900,
            "timeouts": null,
            "tracing_config": [
              {
                "mode": "PassThrough"
              }
            ],
            "version": "$LATEST",
            "vpc_config": []
          },
          "sensitive_attributes": [],
          "private": "eyJlMmJmYjczMC1lY2FhLTExZTYtOGY4OC0zNDM2M2JjN2M0YzAiOnsiY3JlYXRlIjo2MDAwMDAwMDAwMDB9fQ==",
          "dependencies": [
            "module.iam.aws_iam_role.lambda_role",
            "module.lambda.aws_lambda_layer_version.lambda_layer",
            "module.lambda.data.archive_file.zip",
            "module.s3.aws_s3_bucket.bucket",
            "module.sqs.aws_sqs_queue.alto_queue"
          ]
        }
      ]
    },
    {
      "module": "module.lambda",
      "mode": "managed",
      "type": "aws_lambda_function",
      "name": "alto_dlq_consumer_function",
      "provider": "provider[\"registry.terraform.io/hashicorp/aws\"]",
      "instances": [
        {
          "schema_version": 0,
          "attributes": {
            "architectures": [
              "x86_64"
            ],
            "arn": "arn:aws:lambda:us-east-2:342134162356:function:ndnp-open-ocr-alto-dlq-consumer-function",
            "code_signing_config_arn": "",
            "dead_letter_config": [],
            "description": "",
            "environment": [
              {
                "variables": {
                  "DLQ_QUEUE_URL": "arn:aws:sqs:us-east-2:342134162356:ndnp-open-ocr-queue_alto_dlq",
                  "LD_LIBRARY_PATH": "/opt/lib",
                  "OUTPUT_BUCKET_NAME": "ndnp-open-ocr-output-bucket-test",
                  "PATH": "/opt/bin:/usr/local/bin:/usr/bin:/bin",
                  "TABLE_NAME": "ndnp-open-ocr-table",
                  "TESSDATA_PREFIX": "/opt/share/tessdata",
                  "TMP": "/tmp"
                }
              }
            ],
            "file_system_config": [],
            "filename": "./resources/lambda/functions.zip",
            "function_name": "ndnp-open-ocr-alto-dlq-consumer-function",
            "handler": "alto_dlq_consumer.handler",
            "id": "ndnp-open-ocr-alto-dlq-consumer-function",
            "image_config": [],
            "image_uri": "",
            "invoke_arn": "arn:aws:apigateway:us-east-2:lambda:path/2015-03-31/functions/arn:aws:lambda:us-east-2:342134162356:function:ndnp-open-ocr-alto-dlq-consumer-function/invocations",
            "kms_key_arn": "",
            "last_modified": "2023-10-02T16:21:36.000+0000",
            "layers": [
              "arn:aws:lambda:us-east-2:342134162356:layer:ndnp-open-ocr-layer:27",
              "arn:aws:lambda:us-east-2:764866452798:layer:ghostscript:13",
              "arn:aws:lambda:us-east-2:445285296882:layer:perl-5-32-runtime-al2:2"
            ],
            "memory_size": 4000,
            "package_type": "Zip",
            "publish": false,
            "qualified_arn": "arn:aws:lambda:us-east-2:342134162356:function:ndnp-open-ocr-alto-dlq-consumer-function:$LATEST",
            "reserved_concurrent_executions": -1,
            "role": "arn:aws:iam::342134162356:role/ndnp-open-ocr-lambda-role-dev",
            "runtime": "python3.8",
            "s3_bucket": null,
            "s3_key": null,
            "s3_object_version": null,
            "signing_job_arn": "",
            "signing_profile_version_arn": "",
            "source_code_hash": "tLwzUn2+ftouG5BOlTR3w3yF7wXhJn6ARvhqb88lPLs=",
            "source_code_size": 39439,
            "tags": {},
            "tags_all": {},
            "timeout": 900,
            "timeouts": null,
            "tracing_config": [
              {
                "mode": "PassThrough"
              }
            ],
            "version": "$LATEST",
            "vpc_config": []
          },
          "sensitive_attributes": [],
          "private": "eyJlMmJmYjczMC1lY2FhLTExZTYtOGY4OC0zNDM2M2JjN2M0YzAiOnsiY3JlYXRlIjo2MDAwMDAwMDAwMDB9fQ==",
          "dependencies": [
            "module.iam.aws_iam_role.lambda_role",
            "module.lambda.aws_lambda_layer_version.lambda_layer",
            "module.lambda.data.archive_file.zip",
            "module.s3.aws_s3_bucket.bucket",
            "module.sqs.aws_sqs_queue.alto_dlq"
          ]
        }
      ]
    },
    {
      "module": "module.lambda",
      "mode": "managed",
      "type": "aws_lambda_function",
      "name": "get_job_function",
      "provider": "provider[\"registry.terraform.io/hashicorp/aws\"]",
      "instances": [
        {
          "schema_version": 0,
          "attributes": {
            "architectures": [
              "x86_64"
            ],
            "arn": "arn:aws:lambda:us-east-2:342134162356:function:ndnp-open-ocr-get-job-lambda-function-dev",
            "code_signing_config_arn": "",
            "dead_letter_config": [],
            "description": "",
            "environment": [
              {
                "variables": {
                  "TABLE_NAME": "ndnp-open-ocr-table"
                }
              }
            ],
            "file_system_config": [],
            "filename": "./resources/lambda/functions.zip",
            "function_name": "ndnp-open-ocr-get-job-lambda-function-dev",
            "handler": "get_job.handler",
            "id": "ndnp-open-ocr-get-job-lambda-function-dev",
            "image_config": [],
            "image_uri": "",
            "invoke_arn": "arn:aws:apigateway:us-east-2:lambda:path/2015-03-31/functions/arn:aws:lambda:us-east-2:342134162356:function:ndnp-open-ocr-get-job-lambda-function-dev/invocations",
            "kms_key_arn": "",
            "last_modified": "2023-10-02T16:21:44.000+0000",
            "layers": [],
            "memory_size": 128,
            "package_type": "Zip",
            "publish": false,
            "qualified_arn": "arn:aws:lambda:us-east-2:342134162356:function:ndnp-open-ocr-get-job-lambda-function-dev:$LATEST",
            "reserved_concurrent_executions": -1,
            "role": "arn:aws:iam::342134162356:role/ndnp-open-ocr-lambda-role-dev",
            "runtime": "python3.8",
            "s3_bucket": null,
            "s3_key": null,
            "s3_object_version": null,
            "signing_job_arn": "",
            "signing_profile_version_arn": "",
            "source_code_hash": "tLwzUn2+ftouG5BOlTR3w3yF7wXhJn6ARvhqb88lPLs=",
            "source_code_size": 39439,
            "tags": {},
            "tags_all": {},
            "timeout": 500,
            "timeouts": null,
            "tracing_config": [
              {
                "mode": "PassThrough"
              }
            ],
            "version": "$LATEST",
            "vpc_config": []
          },
          "sensitive_attributes": [],
          "private": "eyJlMmJmYjczMC1lY2FhLTExZTYtOGY4OC0zNDM2M2JjN2M0YzAiOnsiY3JlYXRlIjo2MDAwMDAwMDAwMDB9fQ==",
          "dependencies": [
            "module.iam.aws_iam_role.lambda_role",
            "module.lambda.data.archive_file.zip"
          ]
        }
      ]
    },
    {
      "module": "module.lambda",
      "mode": "managed",
      "type": "aws_lambda_function",
      "name": "pdf_consumer_function",
      "provider": "provider[\"registry.terraform.io/hashicorp/aws\"]",
      "instances": [
        {
          "schema_version": 0,
          "attributes": {
            "architectures": [
              "x86_64"
            ],
            "arn": "arn:aws:lambda:us-east-2:342134162356:function:ndnp-open-ocr-pdf-consumer-lambda-function-dev",
            "code_signing_config_arn": "",
            "dead_letter_config": [],
            "description": "",
            "environment": [
              {
                "variables": {
                  "ALTO_QUEUE_URL": "https://sqs.us-east-2.amazonaws.com/342134162356/ndnp-open-ocr-alto-consumer-sqs-queue",
                  "LD_LIBRARY_PATH": "/opt/lib",
                  "OMP_THREAD_LIMIT": "1",
                  "OUTPUT_BUCKET_NAME": "ndnp-open-ocr-output-bucket-test",
                  "PATH": "/opt/bin:/usr/local/bin:/usr/bin:/bin:/opt/python/lib/python3.8/site-packages",
                  "PYTHONPATH": "/opt/python/:/opt/python/lib/python3.8/site-packages:/tmp",
                  "QUEUE_URL": "https://sqs.us-east-2.amazonaws.com/342134162356/ndnp-open-ocr-pdf-consumer-sqs-queue",
                  "TABLE_NAME": "ndnp-open-ocr-table",
                  "TESSDATA_PREFIX": "/opt/share/tessdata",
                  "TMP": "/tmp"
                }
              }
            ],
            "file_system_config": [],
            "filename": "./resources/lambda/functions.zip",
            "function_name": "ndnp-open-ocr-pdf-consumer-lambda-function-dev",
            "handler": "pdf_consumer.handler",
            "id": "ndnp-open-ocr-pdf-consumer-lambda-function-dev",
            "image_config": [],
            "image_uri": "",
            "invoke_arn": "arn:aws:apigateway:us-east-2:lambda:path/2015-03-31/functions/arn:aws:lambda:us-east-2:342134162356:function:ndnp-open-ocr-pdf-consumer-lambda-function-dev/invocations",
            "kms_key_arn": "",
            "last_modified": "2023-10-02T16:22:13.000+0000",
            "layers": [
              "arn:aws:lambda:us-east-2:342134162356:layer:ndnp-open-ocr-layer:27",
              "arn:aws:lambda:us-east-2:764866452798:layer:ghostscript:13",
              "arn:aws:lambda:us-east-2:445285296882:layer:perl-5-32-runtime-al2:2"
            ],
            "memory_size": 4000,
            "package_type": "Zip",
            "publish": false,
            "qualified_arn": "arn:aws:lambda:us-east-2:342134162356:function:ndnp-open-ocr-pdf-consumer-lambda-function-dev:$LATEST",
            "reserved_concurrent_executions": -1,
            "role": "arn:aws:iam::342134162356:role/ndnp-open-ocr-lambda-role-dev",
            "runtime": "python3.8",
            "s3_bucket": null,
            "s3_key": null,
            "s3_object_version": null,
            "signing_job_arn": "",
            "signing_profile_version_arn": "",
            "source_code_hash": "tLwzUn2+ftouG5BOlTR3w3yF7wXhJn6ARvhqb88lPLs=",
            "source_code_size": 39439,
            "tags": {},
            "tags_all": {},
            "timeout": 900,
            "timeouts": null,
            "tracing_config": [
              {
                "mode": "PassThrough"
              }
            ],
            "version": "$LATEST",
            "vpc_config": []
          },
          "sensitive_attributes": [],
          "private": "eyJlMmJmYjczMC1lY2FhLTExZTYtOGY4OC0zNDM2M2JjN2M0YzAiOnsiY3JlYXRlIjo2MDAwMDAwMDAwMDB9fQ==",
          "dependencies": [
            "module.iam.aws_iam_role.lambda_role",
            "module.lambda.aws_lambda_layer_version.lambda_layer",
            "module.lambda.data.archive_file.zip",
            "module.s3.aws_s3_bucket.bucket",
            "module.sqs.aws_sqs_queue.alto_queue",
            "module.sqs.aws_sqs_queue.pdf_queue"
          ]
        }
      ]
    },
    {
      "module": "module.lambda",
      "mode": "managed",
      "type": "aws_lambda_function",
      "name": "pdf_dlq_consumer_function",
      "provider": "provider[\"registry.terraform.io/hashicorp/aws\"]",
      "instances": [
        {
          "schema_version": 0,
          "attributes": {
            "architectures": [
              "x86_64"
            ],
            "arn": "arn:aws:lambda:us-east-2:342134162356:function:ndnp-open-ocr-pdf-dlq-consumer-function",
            "code_signing_config_arn": "",
            "dead_letter_config": [],
            "description": "",
            "environment": [
              {
                "variables": {
                  "DLQ_QUEUE_URL": "arn:aws:sqs:us-east-2:342134162356:ndnp-open-ocr-queue_pdf_dlq",
                  "LD_LIBRARY_PATH": "/opt/lib",
                  "OUTPUT_BUCKET_NAME": "ndnp-open-ocr-output-bucket-test",
                  "PATH": "/opt/bin:/usr/local/bin:/usr/bin:/bin",
                  "TABLE_NAME": "ndnp-open-ocr-table",
                  "TESSDATA_PREFIX": "/opt/share/tessdata",
                  "TMP": "/tmp"
                }
              }
            ],
            "file_system_config": [],
            "filename": "./resources/lambda/functions.zip",
            "function_name": "ndnp-open-ocr-pdf-dlq-consumer-function",
            "handler": "pdf_dlq_consumer.handler",
            "id": "ndnp-open-ocr-pdf-dlq-consumer-function",
            "image_config": [],
            "image_uri": "",
            "invoke_arn": "arn:aws:apigateway:us-east-2:lambda:path/2015-03-31/functions/arn:aws:lambda:us-east-2:342134162356:function:ndnp-open-ocr-pdf-dlq-consumer-function/invocations",
            "kms_key_arn": "",
            "last_modified": "2023-10-02T16:21:21.000+0000",
            "layers": [
              "arn:aws:lambda:us-east-2:342134162356:layer:ndnp-open-ocr-layer:27",
              "arn:aws:lambda:us-east-2:764866452798:layer:ghostscript:13",
              "arn:aws:lambda:us-east-2:445285296882:layer:perl-5-32-runtime-al2:2"
            ],
            "memory_size": 4000,
            "package_type": "Zip",
            "publish": false,
            "qualified_arn": "arn:aws:lambda:us-east-2:342134162356:function:ndnp-open-ocr-pdf-dlq-consumer-function:$LATEST",
            "reserved_concurrent_executions": -1,
            "role": "arn:aws:iam::342134162356:role/ndnp-open-ocr-lambda-role-dev",
            "runtime": "python3.8",
            "s3_bucket": null,
            "s3_key": null,
            "s3_object_version": null,
            "signing_job_arn": "",
            "signing_profile_version_arn": "",
            "source_code_hash": "tLwzUn2+ftouG5BOlTR3w3yF7wXhJn6ARvhqb88lPLs=",
            "source_code_size": 39439,
            "tags": {},
            "tags_all": {},
            "timeout": 900,
            "timeouts": null,
            "tracing_config": [
              {
                "mode": "PassThrough"
              }
            ],
            "version": "$LATEST",
            "vpc_config": []
          },
          "sensitive_attributes": [],
          "private": "eyJlMmJmYjczMC1lY2FhLTExZTYtOGY4OC0zNDM2M2JjN2M0YzAiOnsiY3JlYXRlIjo2MDAwMDAwMDAwMDB9fQ==",
          "dependencies": [
            "module.iam.aws_iam_role.lambda_role",
            "module.lambda.aws_lambda_layer_version.lambda_layer",
            "module.lambda.data.archive_file.zip",
            "module.s3.aws_s3_bucket.bucket",
            "module.sqs.aws_sqs_queue.pdf_dlq"
          ]
        }
      ]
    },
    {
      "module": "module.lambda",
      "mode": "managed",
      "type": "aws_lambda_function",
      "name": "scheduler_function",
      "provider": "provider[\"registry.terraform.io/hashicorp/aws\"]",
      "instances": [
        {
          "schema_version": 0,
          "attributes": {
            "architectures": [
              "x86_64"
            ],
            "arn": "arn:aws:lambda:us-east-2:342134162356:function:ndnp-open-ocr-scheduler-lambda-function-dev",
            "code_signing_config_arn": "",
            "dead_letter_config": [],
            "description": "",
            "environment": [
              {
                "variables": {
                  "ALTO_QUEUE_URL": "https://sqs.us-east-2.amazonaws.com/342134162356/ndnp-open-ocr-alto-consumer-sqs-queue",
                  "LD_LIBRARY_PATH": "/opt/lib",
                  "PATH": "/opt/bin:/usr/local/bin:/usr/bin:/bin",
                  "QUEUE_URL": "https://sqs.us-east-2.amazonaws.com/342134162356/ndnp-open-ocr-pdf-consumer-sqs-queue",
                  "TABLE_NAME": "ndnp-open-ocr-table",
                  "TESSDATA_PREFIX": "/opt/share/tessdata",
                  "TMP": "/tmp"
                }
              }
            ],
            "file_system_config": [],
            "filename": "./resources/lambda/functions.zip",
            "function_name": "ndnp-open-ocr-scheduler-lambda-function-dev",
            "handler": "scheduler.handler",
            "id": "ndnp-open-ocr-scheduler-lambda-function-dev",
            "image_config": [],
            "image_uri": "",
            "invoke_arn": "arn:aws:apigateway:us-east-2:lambda:path/2015-03-31/functions/arn:aws:lambda:us-east-2:342134162356:function:ndnp-open-ocr-scheduler-lambda-function-dev/invocations",
            "kms_key_arn": "",
            "last_modified": "2023-10-02T16:21:07.000+0000",
            "layers": [
              "arn:aws:lambda:us-east-2:342134162356:layer:ndnp-open-ocr-layer:27"
            ],
            "memory_size": 128,
            "package_type": "Zip",
            "publish": false,
            "qualified_arn": "arn:aws:lambda:us-east-2:342134162356:function:ndnp-open-ocr-scheduler-lambda-function-dev:$LATEST",
            "reserved_concurrent_executions": -1,
            "role": "arn:aws:iam::342134162356:role/ndnp-open-ocr-lambda-role-dev",
            "runtime": "python3.8",
            "s3_bucket": null,
            "s3_key": null,
            "s3_object_version": null,
            "signing_job_arn": "",
            "signing_profile_version_arn": "",
            "source_code_hash": "tLwzUn2+ftouG5BOlTR3w3yF7wXhJn6ARvhqb88lPLs=",
            "source_code_size": 39439,
            "tags": {},
            "tags_all": {},
            "timeout": 500,
            "timeouts": null,
            "tracing_config": [
              {
                "mode": "PassThrough"
              }
            ],
            "version": "$LATEST",
            "vpc_config": []
          },
          "sensitive_attributes": [],
          "private": "eyJlMmJmYjczMC1lY2FhLTExZTYtOGY4OC0zNDM2M2JjN2M0YzAiOnsiY3JlYXRlIjo2MDAwMDAwMDAwMDB9fQ==",
          "dependencies": [
            "module.iam.aws_iam_role.lambda_role",
            "module.lambda.aws_lambda_layer_version.lambda_layer",
            "module.lambda.data.archive_file.zip",
            "module.sqs.aws_sqs_queue.alto_queue",
            "module.sqs.aws_sqs_queue.pdf_queue"
          ]
        }
      ]
    },
    {
      "module": "module.lambda",
      "mode": "managed",
      "type": "aws_lambda_layer_version",
      "name": "lambda_layer",
      "provider": "provider[\"registry.terraform.io/hashicorp/aws\"]",
      "instances": [
        {
          "schema_version": 0,
          "attributes": {
            "arn": "arn:aws:lambda:us-east-2:342134162356:layer:ndnp-open-ocr-layer:27",
            "compatible_architectures": [],
            "compatible_runtimes": [
              "python3.8",
              "python3.9"
            ],
            "created_date": "2023-10-01T20:38:20.426+0000",
            "description": "",
            "filename": "layer.zip",
            "id": "arn:aws:lambda:us-east-2:342134162356:layer:ndnp-open-ocr-layer:27",
            "layer_arn": "arn:aws:lambda:us-east-2:342134162356:layer:ndnp-open-ocr-layer",
            "layer_name": "ndnp-open-ocr-layer",
            "license_info": "",
            "s3_bucket": null,
            "s3_key": null,
            "s3_object_version": null,
            "signing_job_arn": "",
            "signing_profile_version_arn": "",
            "skip_destroy": false,
            "source_code_hash": "l4ftw0rF96eCL4oqsAoCp+nCKwwzmxzmwIbgyd0VVI4=",
            "source_code_size": 29498057,
            "version": "27"
          },
          "sensitive_attributes": [],
          "private": "bnVsbA=="
        }
      ]
    },
    {
      "module": "module.s3",
      "mode": "data",
      "type": "aws_iam_policy_document",
      "name": "s3",
      "provider": "provider[\"registry.terraform.io/hashicorp/aws\"]",
      "instances": [
        {
          "schema_version": 0,
          "attributes": {
            "id": "1233963928",
            "json": "{\n  \"Version\": \"2012-10-17\",\n  \"Statement\": [\n    {\n      \"Sid\": \"\",\n      \"Effect\": \"Allow\",\n      \"Action\": \"s3:*\",\n      \"Resource\": \"arn:aws:s3:::ndnp-open-ocr-output-bucket-test/*\"\n    }\n  ]\n}",
            "override_json": null,
            "override_policy_documents": null,
            "policy_id": null,
            "source_json": null,
            "source_policy_documents": null,
            "statement": [
              {
                "actions": [
                  "s3:*"
                ],
                "condition": [],
                "effect": "Allow",
                "not_actions": [],
                "not_principals": [],
                "not_resources": [],
                "principals": [],
                "resources": [
                  "arn:aws:s3:::ndnp-open-ocr-output-bucket-test/*"
                ],
                "sid": ""
              }
            ],
            "version": "2012-10-17"
          },
          "sensitive_attributes": []
        }
      ]
    },
    {
      "module": "module.s3",
      "mode": "managed",
      "type": "aws_s3_bucket",
      "name": "bucket",
      "provider": "provider[\"registry.terraform.io/hashicorp/aws\"]",
      "instances": [
        {
          "schema_version": 0,
          "attributes": {
            "acceleration_status": "",
            "acl": "private",
            "arn": "arn:aws:s3:::ndnp-open-ocr-output-bucket-test",
            "bucket": "ndnp-open-ocr-output-bucket-test",
            "bucket_domain_name": "ndnp-open-ocr-output-bucket-test.s3.amazonaws.com",
            "bucket_prefix": null,
            "bucket_regional_domain_name": "ndnp-open-ocr-output-bucket-test.s3.us-east-2.amazonaws.com",
            "cors_rule": [],
            "force_destroy": false,
            "grant": [],
            "hosted_zone_id": "Z2O1EMRO9K5GLX",
            "id": "ndnp-open-ocr-output-bucket-test",
            "lifecycle_rule": [],
            "logging": [],
            "object_lock_configuration": [],
            "object_lock_enabled": false,
            "policy": null,
            "region": "us-east-2",
            "replication_configuration": [],
            "request_payer": "BucketOwner",
            "server_side_encryption_configuration": [
              {
                "rule": [
                  {
                    "apply_server_side_encryption_by_default": [
                      {
                        "kms_master_key_id": "",
                        "sse_algorithm": "AES256"
                      }
                    ],
                    "bucket_key_enabled": false
                  }
                ]
              }
            ],
            "tags": {
              "Environment": "Dev"
            },
            "tags_all": {
              "Environment": "Dev"
            },
            "versioning": [
              {
                "enabled": false,
                "mfa_delete": false
              }
            ],
            "website": [],
            "website_domain": null,
            "website_endpoint": null
          },
          "sensitive_attributes": [],
          "private": "bnVsbA=="
        }
      ]
    },
    {
      "module": "module.sqs",
      "mode": "data",
      "type": "aws_iam_policy_document",
      "name": "sqs",
      "provider": "provider[\"registry.terraform.io/hashicorp/aws\"]",
      "instances": [
        {
          "schema_version": 0,
          "attributes": {
            "id": "295156394",
            "json": "{\n  \"Version\": \"2012-10-17\",\n  \"Statement\": [\n    {\n      \"Sid\": \"\",\n      \"Effect\": \"Allow\",\n      \"Action\": \"sqs:*\",\n      \"Resource\": [\n        \"arn:aws:sqs:us-east-2:342134162356:ndnp-open-ocr-queue_pdf_dlq\",\n        \"arn:aws:sqs:us-east-2:342134162356:ndnp-open-ocr-queue_alto_dlq\"\n      ]\n    }\n  ]\n}",
            "override_json": null,
            "override_policy_documents": null,
            "policy_id": null,
            "source_json": null,
            "source_policy_documents": null,
            "statement": [
              {
                "actions": [
                  "sqs:*"
                ],
                "condition": [],
                "effect": "Allow",
                "not_actions": [],
                "not_principals": [],
                "not_resources": [],
                "principals": [],
                "resources": [
                  "arn:aws:sqs:us-east-2:342134162356:ndnp-open-ocr-queue_alto_dlq",
                  "arn:aws:sqs:us-east-2:342134162356:ndnp-open-ocr-queue_pdf_dlq"
                ],
                "sid": ""
              }
            ],
            "version": "2012-10-17"
          },
          "sensitive_attributes": []
        }
      ]
    },
    {
      "module": "module.sqs",
      "mode": "managed",
      "type": "aws_sqs_queue",
      "name": "alto_dlq",
      "provider": "provider[\"registry.terraform.io/hashicorp/aws\"]",
      "instances": [
        {
          "schema_version": 0,
          "attributes": {
            "arn": "arn:aws:sqs:us-east-2:342134162356:ndnp-open-ocr-queue_alto_dlq",
            "content_based_deduplication": false,
            "deduplication_scope": "",
            "delay_seconds": 0,
            "fifo_queue": false,
            "fifo_throughput_limit": "",
            "id": "https://sqs.us-east-2.amazonaws.com/342134162356/ndnp-open-ocr-queue_alto_dlq",
            "kms_data_key_reuse_period_seconds": 300,
            "kms_master_key_id": "",
            "max_message_size": 262144,
            "message_retention_seconds": 345600,
            "name": "ndnp-open-ocr-queue_alto_dlq",
            "name_prefix": "",
            "policy": "",
            "receive_wait_time_seconds": 0,
            "redrive_allow_policy": "",
            "redrive_policy": "",
            "sqs_managed_sse_enabled": true,
            "tags": {},
            "tags_all": {},
            "url": "https://sqs.us-east-2.amazonaws.com/342134162356/ndnp-open-ocr-queue_alto_dlq",
            "visibility_timeout_seconds": 60
          },
          "sensitive_attributes": [],
          "private": "bnVsbA=="
        }
      ]
    },
    {
      "module": "module.sqs",
      "mode": "managed",
      "type": "aws_sqs_queue",
      "name": "alto_queue",
      "provider": "provider[\"registry.terraform.io/hashicorp/aws\"]",
      "instances": [
        {
          "schema_version": 0,
          "attributes": {
            "arn": "arn:aws:sqs:us-east-2:342134162356:ndnp-open-ocr-alto-consumer-sqs-queue",
            "content_based_deduplication": false,
            "deduplication_scope": "",
            "delay_seconds": 0,
            "fifo_queue": false,
            "fifo_throughput_limit": "",
            "id": "https://sqs.us-east-2.amazonaws.com/342134162356/ndnp-open-ocr-alto-consumer-sqs-queue",
            "kms_data_key_reuse_period_seconds": 300,
            "kms_master_key_id": "",
            "max_message_size": 1024,
            "message_retention_seconds": 345600,
            "name": "ndnp-open-ocr-alto-consumer-sqs-queue",
            "name_prefix": "",
            "policy": "",
            "receive_wait_time_seconds": 0,
            "redrive_allow_policy": "",
            "redrive_policy": "{\"deadLetterTargetArn\":\"arn:aws:sqs:us-east-2:342134162356:ndnp-open-ocr-queue_alto_dlq\",\"maxReceiveCount\":1}",
            "sqs_managed_sse_enabled": true,
            "tags": {},
            "tags_all": {},
            "url": "https://sqs.us-east-2.amazonaws.com/342134162356/ndnp-open-ocr-alto-consumer-sqs-queue",
            "visibility_timeout_seconds": 900
          },
          "sensitive_attributes": [],
          "private": "bnVsbA==",
          "dependencies": [
            "module.sqs.aws_sqs_queue.alto_dlq"
          ]
        }
      ]
    },
    {
      "module": "module.sqs",
      "mode": "managed",
      "type": "aws_sqs_queue",
      "name": "pdf_dlq",
      "provider": "provider[\"registry.terraform.io/hashicorp/aws\"]",
      "instances": [
        {
          "schema_version": 0,
          "attributes": {
            "arn": "arn:aws:sqs:us-east-2:342134162356:ndnp-open-ocr-queue_pdf_dlq",
            "content_based_deduplication": false,
            "deduplication_scope": "",
            "delay_seconds": 0,
            "fifo_queue": false,
            "fifo_throughput_limit": "",
            "id": "https://sqs.us-east-2.amazonaws.com/342134162356/ndnp-open-ocr-queue_pdf_dlq",
            "kms_data_key_reuse_period_seconds": 300,
            "kms_master_key_id": "",
            "max_message_size": 262144,
            "message_retention_seconds": 345600,
            "name": "ndnp-open-ocr-queue_pdf_dlq",
            "name_prefix": "",
            "policy": "",
            "receive_wait_time_seconds": 0,
            "redrive_allow_policy": "",
            "redrive_policy": "",
            "sqs_managed_sse_enabled": true,
            "tags": {},
            "tags_all": {},
            "url": "https://sqs.us-east-2.amazonaws.com/342134162356/ndnp-open-ocr-queue_pdf_dlq",
            "visibility_timeout_seconds": 60
          },
          "sensitive_attributes": [],
          "private": "bnVsbA=="
        }
      ]
    },
    {
      "module": "module.sqs",
      "mode": "managed",
      "type": "aws_sqs_queue",
      "name": "pdf_queue",
      "provider": "provider[\"registry.terraform.io/hashicorp/aws\"]",
      "instances": [
        {
          "schema_version": 0,
          "attributes": {
            "arn": "arn:aws:sqs:us-east-2:342134162356:ndnp-open-ocr-pdf-consumer-sqs-queue",
            "content_based_deduplication": false,
            "deduplication_scope": "",
            "delay_seconds": 0,
            "fifo_queue": false,
            "fifo_throughput_limit": "",
            "id": "https://sqs.us-east-2.amazonaws.com/342134162356/ndnp-open-ocr-pdf-consumer-sqs-queue",
            "kms_data_key_reuse_period_seconds": 300,
            "kms_master_key_id": "",
            "max_message_size": 1024,
            "message_retention_seconds": 345600,
            "name": "ndnp-open-ocr-pdf-consumer-sqs-queue",
            "name_prefix": "",
            "policy": "",
            "receive_wait_time_seconds": 0,
            "redrive_allow_policy": "",
            "redrive_policy": "{\"deadLetterTargetArn\":\"arn:aws:sqs:us-east-2:342134162356:ndnp-open-ocr-queue_pdf_dlq\",\"maxReceiveCount\":1}",
            "sqs_managed_sse_enabled": true,
            "tags": {},
            "tags_all": {},
            "url": "https://sqs.us-east-2.amazonaws.com/342134162356/ndnp-open-ocr-pdf-consumer-sqs-queue",
            "visibility_timeout_seconds": 900
          },
          "sensitive_attributes": [],
          "private": "bnVsbA==",
          "dependencies": [
            "module.sqs.aws_sqs_queue.pdf_dlq"
          ]
        }
      ]
    }
  ],
  "check_results": null
}
