{
  "version": 4,
  "terraform_version": "1.4.6",
  "serial": 173,
  "lineage": "447a8d72-249c-d347-c1f9-789b82990c5d",
  "outputs": {},
  "resources": [
    {
      "mode": "managed",
      "type": "aws_iam_policy",
      "name": "iam_policy_for_lambda",
      "provider": "provider[\"registry.terraform.io/hashicorp/aws\"]",
      "instances": [
        {
          "schema_version": 0,
          "attributes": {
            "arn": "arn:aws:iam::342134162356:policy/ndnp-open-ocr-iam-policy-for-lambdas",
            "description": "AWS IAM Policy for managing aws lambda role",
            "id": "arn:aws:iam::342134162356:policy/ndnp-open-ocr-iam-policy-for-lambdas",
            "name": "ndnp-open-ocr-iam-policy-for-lambdas",
            "name_prefix": null,
            "path": "/",
            "policy": "{\"Statement\":[{\"Action\":[\"logs:CreateLogGroup\",\"logs:CreateLogStream\",\"logs:PutLogEvents\",\"sqs:ReceiveMessage\",\"sqs:SendMessage\",\"sqs:DeleteMessage\",\"sqs:*\",\"s3:*\"],\"Effect\":\"Allow\",\"Resource\":\"*\"}],\"Version\":\"2012-10-17\"}",
            "policy_id": "ANPAU7KGJAO2AKYYW273U",
            "tags": {},
            "tags_all": {}
          },
          "sensitive_attributes": [],
          "private": "bnVsbA==",
          "create_before_destroy": true
        }
      ]
    },
    {
      "mode": "managed",
      "type": "aws_iam_role",
      "name": "lambda_role",
      "provider": "provider[\"registry.terraform.io/hashicorp/aws\"]",
      "instances": [
        {
          "schema_version": 0,
          "attributes": {
            "arn": "arn:aws:iam::342134162356:role/ndnp-open-ocr-lambda-execution-role",
            "assume_role_policy": "{\"Version\":\"2012-10-17\",\"Statement\":[{\"Sid\":\"\",\"Effect\":\"Allow\",\"Principal\":{\"Service\":\"lambda.amazonaws.com\"},\"Action\":\"sts:AssumeRole\"}]}",
            "create_date": "2023-06-13T16:07:41Z",
            "description": "",
            "force_detach_policies": false,
            "id": "ndnp-open-ocr-lambda-execution-role",
            "inline_policy": [
              {
                "name": "",
                "policy": ""
              }
            ],
            "managed_policy_arns": [
              "arn:aws:iam::342134162356:policy/ndnp-open-ocr-iam-policy-for-lambdas"
            ],
            "max_session_duration": 3600,
            "name": "ndnp-open-ocr-lambda-execution-role",
            "name_prefix": "",
            "path": "/",
            "permissions_boundary": null,
            "tags": {},
            "tags_all": {},
            "unique_id": "AROAU7KGJAO2MX7YOKPG7"
          },
          "sensitive_attributes": [],
          "private": "bnVsbA==",
          "create_before_destroy": true
        }
      ]
    },
    {
      "mode": "managed",
      "type": "aws_iam_role_policy_attachment",
      "name": "attach_iam_policy_to_iam_role",
      "provider": "provider[\"registry.terraform.io/hashicorp/aws\"]",
      "instances": [
        {
          "schema_version": 0,
          "attributes": {
            "id": "ndnp-open-ocr-lambda-execution-role-20230613164337846500000001",
            "policy_arn": "arn:aws:iam::342134162356:policy/ndnp-open-ocr-iam-policy-for-lambdas",
            "role": "ndnp-open-ocr-lambda-execution-role"
          },
          "sensitive_attributes": [],
          "private": "bnVsbA==",
          "dependencies": [
            "aws_iam_policy.iam_policy_for_lambda",
            "aws_iam_role.lambda_role"
          ],
          "create_before_destroy": true
        }
      ]
    },
    {
      "mode": "managed",
      "type": "aws_lambda_event_source_mapping",
      "name": "event_source_mapping",
      "provider": "provider[\"registry.terraform.io/hashicorp/aws\"]",
      "instances": [
        {
          "schema_version": 0,
          "attributes": {
            "batch_size": 3,
            "bisect_batch_on_function_error": false,
            "destination_config": [],
            "enabled": true,
            "event_source_arn": "arn:aws:sqs:us-east-1:342134162356:ndnp-open-ocr-queue",
            "filter_criteria": [],
            "function_arn": "arn:aws:lambda:us-east-1:342134162356:function:ndnp-open-ocr-worker-function",
            "function_name": "arn:aws:lambda:us-east-1:342134162356:function:ndnp-open-ocr-worker-function",
            "function_response_types": [],
            "id": "26b40580-d9a1-4820-b67c-3825796b2b94",
            "last_modified": "2023-06-14T17:37:16Z",
            "last_processing_result": "",
            "maximum_batching_window_in_seconds": 0,
            "maximum_record_age_in_seconds": 0,
            "maximum_retry_attempts": 0,
            "parallelization_factor": 0,
            "queues": [],
            "self_managed_event_source": [],
            "source_access_configuration": [],
            "starting_position": "",
            "starting_position_timestamp": "",
            "state": "Enabled",
            "state_transition_reason": "USER_INITIATED",
            "topics": [],
            "tumbling_window_in_seconds": 0,
            "uuid": "26b40580-d9a1-4820-b67c-3825796b2b94"
          },
          "sensitive_attributes": [],
          "private": "bnVsbA==",
          "dependencies": [
            "aws_iam_policy.iam_policy_for_lambda",
            "aws_iam_role.lambda_role",
            "aws_iam_role_policy_attachment.attach_iam_policy_to_iam_role",
            "aws_lambda_function.consumer_function",
            "aws_lambda_layer_version.lambda_layer",
            "aws_s3_bucket.bucket",
            "aws_sqs_queue.queue",
            "data.archive_file.zip"
          ]
        }
      ]
    },
    {
      "mode": "managed",
      "type": "aws_lambda_function",
      "name": "consumer_function",
      "provider": "provider[\"registry.terraform.io/hashicorp/aws\"]",
      "instances": [
        {
          "schema_version": 0,
          "attributes": {
            "architectures": [
              "x86_64"
            ],
            "arn": "arn:aws:lambda:us-east-1:342134162356:function:ndnp-open-ocr-worker-function",
            "code_signing_config_arn": "",
            "dead_letter_config": [],
            "description": "",
            "environment": [
              {
                "variables": {
                  "LD_LIBRARY_PATH": "/opt/lib",
                  "OUTPUT_BUCKET_NAME": "ndnp-open-ocr-outputs-bucket",
                  "PATH": "/opt/bin:/usr/local/bin:/usr/bin:/bin",
                  "TESSDATA_PREFIX": "/opt/share/tessdata",
                  "TMP": "/tmp"
                }
              }
            ],
            "file_system_config": [],
            "filename": "./functions.zip",
            "function_name": "ndnp-open-ocr-worker-function",
            "handler": "consumer.handler",
            "id": "ndnp-open-ocr-worker-function",
            "image_config": [],
            "image_uri": "",
            "invoke_arn": "arn:aws:apigateway:us-east-1:lambda:path/2015-03-31/functions/arn:aws:lambda:us-east-1:342134162356:function:ndnp-open-ocr-worker-function/invocations",
            "kms_key_arn": "",
            "last_modified": "2023-06-30T14:30:06.549+0000",
            "layers": [
              "arn:aws:lambda:us-east-1:342134162356:layer:ndnp-open-ocr-layer:2",
              "arn:aws:lambda:us-east-1:764866452798:layer:ghostscript:13",
              "arn:aws:lambda:us-east-1:445285296882:layer:perl-5-32-runtime-al2:2"
            ],
            "memory_size": 1024,
            "package_type": "Zip",
            "publish": false,
            "qualified_arn": "arn:aws:lambda:us-east-1:342134162356:function:ndnp-open-ocr-worker-function:$LATEST",
            "reserved_concurrent_executions": -1,
            "role": "arn:aws:iam::342134162356:role/ndnp-open-ocr-lambda-execution-role",
            "runtime": "python3.8",
            "s3_bucket": null,
            "s3_key": null,
            "s3_object_version": null,
            "signing_job_arn": "",
            "signing_profile_version_arn": "",
            "source_code_hash": "yMe6QaIJHCOOYy6z6+hTJgl7V/KJ27EzhuICthaVVQk=",
            "source_code_size": 7308,
            "tags": {},
            "tags_all": {},
            "timeout": 800,
            "timeouts": null,
            "tracing_config": [
              {
                "mode": "PassThrough"
              }
            ],
            "version": "$LATEST",
            "vpc_config": []
          },
          "sensitive_attributes": [],
          "private": "eyJlMmJmYjczMC1lY2FhLTExZTYtOGY4OC0zNDM2M2JjN2M0YzAiOnsiY3JlYXRlIjo2MDAwMDAwMDAwMDB9fQ==",
          "dependencies": [
            "aws_iam_role.lambda_role",
            "aws_iam_role_policy_attachment.attach_iam_policy_to_iam_role",
            "aws_lambda_layer_version.lambda_layer",
            "aws_s3_bucket.bucket",
            "data.archive_file.zip"
          ]
        }
      ]
    },
    {
      "mode": "managed",
      "type": "aws_lambda_layer_version",
      "name": "lambda_layer",
      "provider": "provider[\"registry.terraform.io/hashicorp/aws\"]",
      "instances": [
        {
          "schema_version": 0,
          "attributes": {
            "arn": "arn:aws:lambda:us-east-1:342134162356:layer:ndnp-open-ocr-layer:2",
            "compatible_architectures": [],
            "compatible_runtimes": [
              "python3.8"
            ],
            "created_date": "2023-06-13T16:08:01.101+0000",
            "description": "",
            "filename": "layers.zip",
            "id": "arn:aws:lambda:us-east-1:342134162356:layer:ndnp-open-ocr-layer:2",
            "layer_arn": "arn:aws:lambda:us-east-1:342134162356:layer:ndnp-open-ocr-layer",
            "layer_name": "ndnp-open-ocr-layer",
            "license_info": "",
            "s3_bucket": null,
            "s3_key": null,
            "s3_object_version": null,
            "signing_job_arn": "",
            "signing_profile_version_arn": "",
            "skip_destroy": false,
            "source_code_hash": "gdcFcCSUIUApPFxHjElcLfpMqDImWEVu85TJ747JKjo=",
            "source_code_size": 50092985,
            "version": "2"
          },
          "sensitive_attributes": [],
          "private": "bnVsbA==",
          "create_before_destroy": true
        }
      ]
    },
    {
      "mode": "managed",
      "type": "aws_s3_bucket",
      "name": "bucket",
      "provider": "provider[\"registry.terraform.io/hashicorp/aws\"]",
      "instances": [
        {
          "schema_version": 0,
          "attributes": {
            "acceleration_status": "",
            "acl": "private",
            "arn": "arn:aws:s3:::ndnp-open-ocr-outputs-bucket",
            "bucket": "ndnp-open-ocr-outputs-bucket",
            "bucket_domain_name": "ndnp-open-ocr-outputs-bucket.s3.amazonaws.com",
            "bucket_prefix": null,
            "bucket_regional_domain_name": "ndnp-open-ocr-outputs-bucket.s3.amazonaws.com",
            "cors_rule": [],
            "force_destroy": false,
            "grant": [],
            "hosted_zone_id": "Z3AQBSTGFYJSTF",
            "id": "ndnp-open-ocr-outputs-bucket",
            "lifecycle_rule": [],
            "logging": [],
            "object_lock_configuration": [],
            "object_lock_enabled": false,
            "policy": null,
            "region": "us-east-1",
            "replication_configuration": [],
            "request_payer": "BucketOwner",
            "server_side_encryption_configuration": [
              {
                "rule": [
                  {
                    "apply_server_side_encryption_by_default": [
                      {
                        "kms_master_key_id": "",
                        "sse_algorithm": "AES256"
                      }
                    ],
                    "bucket_key_enabled": false
                  }
                ]
              }
            ],
            "tags": {
              "Environment": "Dev"
            },
            "tags_all": {
              "Environment": "Dev"
            },
            "versioning": [
              {
                "enabled": false,
                "mfa_delete": false
              }
            ],
            "website": [],
            "website_domain": null,
            "website_endpoint": null
          },
          "sensitive_attributes": [],
          "private": "bnVsbA==",
          "create_before_destroy": true
        }
      ]
    },
    {
      "mode": "managed",
      "type": "aws_sqs_queue",
      "name": "queue",
      "provider": "provider[\"registry.terraform.io/hashicorp/aws\"]",
      "instances": [
        {
          "schema_version": 0,
          "attributes": {
            "arn": "arn:aws:sqs:us-east-1:342134162356:ndnp-open-ocr-queue",
            "content_based_deduplication": false,
            "deduplication_scope": "",
            "delay_seconds": 0,
            "fifo_queue": false,
            "fifo_throughput_limit": "",
            "id": "https://sqs.us-east-1.amazonaws.com/342134162356/ndnp-open-ocr-queue",
            "kms_data_key_reuse_period_seconds": 300,
            "kms_master_key_id": "",
            "max_message_size": 1024,
            "message_retention_seconds": 345600,
            "name": "ndnp-open-ocr-queue",
            "name_prefix": "",
            "policy": "",
            "receive_wait_time_seconds": 0,
            "redrive_allow_policy": "",
            "redrive_policy": "",
            "sqs_managed_sse_enabled": true,
            "tags": {},
            "tags_all": {},
            "url": "https://sqs.us-east-1.amazonaws.com/342134162356/ndnp-open-ocr-queue",
            "visibility_timeout_seconds": 900
          },
          "sensitive_attributes": [],
          "private": "bnVsbA==",
          "create_before_destroy": true
        }
      ]
    },
    {
      "module": "module.apigw",
      "mode": "managed",
      "type": "aws_apigatewayv2_api",
      "name": "http",
      "provider": "provider[\"registry.terraform.io/hashicorp/aws\"]",
      "instances": [
        {
          "schema_version": 0,
          "attributes": {
            "api_endpoint": "https://428sw48nh9.execute-api.us-east-1.amazonaws.com",
            "api_key_selection_expression": "$request.header.x-api-key",
            "arn": "arn:aws:apigateway:us-east-1::/apis/428sw48nh9",
            "body": null,
            "cors_configuration": [],
            "credentials_arn": null,
            "description": "",
            "disable_execute_api_endpoint": false,
            "execution_arn": "arn:aws:execute-api:us-east-1:342134162356:428sw48nh9",
            "fail_on_warnings": null,
            "id": "428sw48nh9",
            "name": "ndnp-open-ocr-api",
            "protocol_type": "HTTP",
            "route_key": null,
            "route_selection_expression": "$request.method $request.path",
            "tags": {
              "Environment": "Dev",
              "Name": "ndnp-open-ocr"
            },
            "tags_all": {
              "Environment": "Dev",
              "Name": "ndnp-open-ocr"
            },
            "target": null,
            "version": ""
          },
          "sensitive_attributes": [],
          "private": "bnVsbA==",
          "create_before_destroy": true
        }
      ]
    },
    {
      "module": "module.apigw",
      "mode": "managed",
      "type": "aws_apigatewayv2_deployment",
      "name": "deployment",
      "provider": "provider[\"registry.terraform.io/hashicorp/aws\"]",
      "instances": [
        {
          "schema_version": 0,
          "attributes": {
            "api_id": "428sw48nh9",
            "auto_deployed": false,
            "description": "",
            "id": "kgzj2j",
            "triggers": null
          },
          "sensitive_attributes": [],
          "private": "bnVsbA==",
          "dependencies": [
            "module.apigw.aws_apigatewayv2_api.http",
            "module.apigw.aws_apigatewayv2_integration.lambda",
            "module.apigw.aws_apigatewayv2_route.default_route",
            "module.iam.aws_iam_role.lambda_role",
            "module.lambda.aws_lambda_function.scheduler_function",
            "module.lambda.aws_lambda_layer_version.lambda_layer",
            "module.lambda.data.archive_file.zip",
            "module.s3.aws_s3_bucket.bucket",
            "module.sqs.aws_sqs_queue.queue"
          ],
          "create_before_destroy": true
        }
      ]
    },
    {
      "module": "module.apigw",
      "mode": "managed",
      "type": "aws_apigatewayv2_integration",
      "name": "lambda",
      "provider": "provider[\"registry.terraform.io/hashicorp/aws\"]",
      "instances": [
        {
          "schema_version": 0,
          "attributes": {
            "api_id": "428sw48nh9",
            "connection_id": "",
            "connection_type": "INTERNET",
            "content_handling_strategy": "",
            "credentials_arn": "",
            "description": "Lambda integration",
            "id": "7g3wtta",
            "integration_method": "POST",
            "integration_response_selection_expression": "",
            "integration_subtype": "",
            "integration_type": "AWS_PROXY",
            "integration_uri": "arn:aws:apigateway:us-east-1:lambda:path/2015-03-31/functions/arn:aws:lambda:us-east-1:342134162356:function:ndnp-open-ocr-scheduler-lambda-function/invocations",
            "passthrough_behavior": "",
            "payload_format_version": "1.0",
            "request_parameters": {},
            "request_templates": {},
            "response_parameters": [],
            "template_selection_expression": "",
            "timeout_milliseconds": 30000,
            "tls_config": []
          },
          "sensitive_attributes": [],
          "private": "bnVsbA==",
          "dependencies": [
            "module.apigw.aws_apigatewayv2_api.http",
            "module.iam.aws_iam_role.lambda_role",
            "module.lambda.aws_lambda_function.scheduler_function",
            "module.lambda.aws_lambda_layer_version.lambda_layer",
            "module.lambda.data.archive_file.zip",
            "module.s3.aws_s3_bucket.bucket",
            "module.sqs.aws_sqs_queue.queue"
          ]
        }
      ]
    },
    {
      "module": "module.apigw",
      "mode": "managed",
      "type": "aws_apigatewayv2_route",
      "name": "default_route",
      "provider": "provider[\"registry.terraform.io/hashicorp/aws\"]",
      "instances": [
        {
          "schema_version": 0,
          "attributes": {
            "api_id": "428sw48nh9",
            "api_key_required": false,
            "authorization_scopes": [],
            "authorization_type": "NONE",
            "authorizer_id": "",
            "id": "x3n4uzr",
            "model_selection_expression": "",
            "operation_name": "",
            "request_models": {},
            "request_parameter": [],
            "route_key": "POST /{prefix}",
            "route_response_selection_expression": "",
            "target": "integrations/7g3wtta"
          },
          "sensitive_attributes": [],
          "private": "bnVsbA==",
          "dependencies": [
            "module.apigw.aws_apigatewayv2_api.http",
            "module.apigw.aws_apigatewayv2_integration.lambda",
            "module.iam.aws_iam_role.lambda_role",
            "module.lambda.aws_lambda_function.scheduler_function",
            "module.lambda.aws_lambda_layer_version.lambda_layer",
            "module.lambda.data.archive_file.zip",
            "module.s3.aws_s3_bucket.bucket",
            "module.sqs.aws_sqs_queue.queue"
          ],
          "create_before_destroy": true
        }
      ]
    },
    {
      "module": "module.apigw",
      "mode": "managed",
      "type": "aws_apigatewayv2_stage",
      "name": "stage",
      "provider": "provider[\"registry.terraform.io/hashicorp/aws\"]",
      "instances": [
        {
          "schema_version": 0,
          "attributes": {
            "access_log_settings": [],
            "api_id": "428sw48nh9",
            "arn": "arn:aws:apigateway:us-east-1::/apis/428sw48nh9/stages/dev",
            "auto_deploy": false,
            "client_certificate_id": "",
            "default_route_settings": [
              {
                "data_trace_enabled": false,
                "detailed_metrics_enabled": true,
                "logging_level": "",
                "throttling_burst_limit": 5000,
                "throttling_rate_limit": 10000
              }
            ],
            "deployment_id": "kgzj2j",
            "description": "My test stage",
            "execution_arn": "arn:aws:execute-api:us-east-1:342134162356:428sw48nh9/dev",
            "id": "dev",
            "invoke_url": "https://428sw48nh9.execute-api.us-east-1.amazonaws.com/dev",
            "name": "dev",
            "route_settings": [],
            "stage_variables": {},
            "tags": {},
            "tags_all": {}
          },
          "sensitive_attributes": [],
          "private": "bnVsbA==",
          "dependencies": [
            "module.apigw.aws_apigatewayv2_api.http",
            "module.apigw.aws_apigatewayv2_deployment.deployment"
          ]
        }
      ]
    },
    {
      "module": "module.iam",
      "mode": "managed",
      "type": "aws_iam_policy",
      "name": "iam_policy_for_lambda",
      "provider": "provider[\"registry.terraform.io/hashicorp/aws\"]",
      "instances": [
        {
          "schema_version": 0,
          "attributes": {
            "arn": "arn:aws:iam::342134162356:policy/ndnp-open-ocr-iam-policy-for-lambda",
            "description": "AWS IAM Policy for managing aws lambda role",
            "id": "arn:aws:iam::342134162356:policy/ndnp-open-ocr-iam-policy-for-lambda",
            "name": "ndnp-open-ocr-iam-policy-for-lambda",
            "name_prefix": null,
            "path": "/",
            "policy": "{\"Statement\":[{\"Action\":[\"logs:CreateLogGroup\",\"logs:CreateLogStream\",\"logs:PutLogEvents\",\"sqs:ReceiveMessage\",\"sqs:SendMessage\",\"sqs:DeleteMessage\",\"sqs:*\",\"s3:*\",\"dynamodb:*\"],\"Effect\":\"Allow\",\"Resource\":\"*\"}],\"Version\":\"2012-10-17\"}",
            "policy_id": "ANPAU7KGJAO2FO2XWBT4S",
            "tags": {},
            "tags_all": {}
          },
          "sensitive_attributes": [],
          "private": "bnVsbA=="
        }
      ]
    },
    {
      "module": "module.iam",
      "mode": "managed",
      "type": "aws_iam_role",
      "name": "iam_for_lambda",
      "provider": "provider[\"registry.terraform.io/hashicorp/aws\"]",
      "instances": [
        {
          "schema_version": 0,
          "attributes": {
            "arn": "arn:aws:iam::342134162356:role/ndnp-open-ocr-lambda-service-role",
            "assume_role_policy": "{\"Version\":\"2012-10-17\",\"Statement\":[{\"Effect\":\"Allow\",\"Principal\":{\"Service\":\"lambda.amazonaws.com\"},\"Action\":\"sts:AssumeRole\"}]}",
            "create_date": "2023-06-30T18:18:02Z",
            "description": "",
            "force_detach_policies": false,
            "id": "ndnp-open-ocr-lambda-service-role",
            "inline_policy": [
              {
                "name": "",
                "policy": ""
              }
            ],
            "managed_policy_arns": [],
            "max_session_duration": 3600,
            "name": "ndnp-open-ocr-lambda-service-role",
            "name_prefix": "",
            "path": "/",
            "permissions_boundary": null,
            "tags": {},
            "tags_all": {},
            "unique_id": "AROAU7KGJAO2JLOSGOMJ5"
          },
          "sensitive_attributes": [],
          "private": "bnVsbA=="
        }
      ]
    },
    {
      "module": "module.iam",
      "mode": "managed",
      "type": "aws_iam_role",
      "name": "lambda_role",
      "provider": "provider[\"registry.terraform.io/hashicorp/aws\"]",
      "instances": [
        {
          "schema_version": 0,
          "attributes": {
            "arn": "arn:aws:iam::342134162356:role/ndnp-open-ocr-lambda-role-1",
            "assume_role_policy": "{\"Version\":\"2012-10-17\",\"Statement\":[{\"Sid\":\"\",\"Effect\":\"Allow\",\"Principal\":{\"Service\":\"lambda.amazonaws.com\"},\"Action\":\"sts:AssumeRole\"}]}",
            "create_date": "2023-07-01T17:25:26Z",
            "description": "",
            "force_detach_policies": false,
            "id": "ndnp-open-ocr-lambda-role-1",
            "inline_policy": [
              {
                "name": "",
                "policy": ""
              }
            ],
            "managed_policy_arns": [
              "arn:aws:iam::342134162356:policy/ndnp-open-ocr-iam-policy-for-lambda"
            ],
            "max_session_duration": 3600,
            "name": "ndnp-open-ocr-lambda-role-1",
            "name_prefix": "",
            "path": "/",
            "permissions_boundary": null,
            "tags": {},
            "tags_all": {},
            "unique_id": "AROAU7KGJAO2KIAV64SUM"
          },
          "sensitive_attributes": [],
          "private": "bnVsbA==",
          "create_before_destroy": true
        }
      ]
    },
    {
      "module": "module.iam",
      "mode": "managed",
      "type": "aws_iam_role_policy_attachment",
      "name": "attach_iam_policy_to_iam_role",
      "provider": "provider[\"registry.terraform.io/hashicorp/aws\"]",
      "instances": [
        {
          "schema_version": 0,
          "attributes": {
            "id": "ndnp-open-ocr-lambda-role-1-20230701172528317900000001",
            "policy_arn": "arn:aws:iam::342134162356:policy/ndnp-open-ocr-iam-policy-for-lambda",
            "role": "ndnp-open-ocr-lambda-role-1"
          },
          "sensitive_attributes": [],
          "private": "bnVsbA==",
          "dependencies": [
            "module.iam.aws_iam_policy.iam_policy_for_lambda",
            "module.iam.aws_iam_role.lambda_role"
          ]
        }
      ]
    },
    {
      "module": "module.lambda",
      "mode": "data",
      "type": "archive_file",
      "name": "zip",
      "provider": "provider[\"registry.terraform.io/hashicorp/archive\"]",
      "instances": [
        {
          "schema_version": 0,
          "attributes": {
            "exclude_symlink_directories": null,
            "excludes": null,
            "id": "b0f084cda9bbdce2fd21423daf164260287964e0",
            "output_base64sha256": "Vqb3uJopEdWau47+pf7PaUMCkJAKdfOR76D822Mhaqw=",
            "output_base64sha512": "AemC9QL9nIFHt/kBMu3QFBcjgiP66sAFDfWpBSIMW/36wSXr6HH8dg48R/8QSvc8uN169WFgd8xsO3G5GJLrkA==",
            "output_file_mode": null,
            "output_md5": "17eb8d8b69150e810542533110650f69",
            "output_path": "./resources/lambda/functions.zip",
            "output_sha": "b0f084cda9bbdce2fd21423daf164260287964e0",
            "output_sha256": "56a6f7b89a2911d59abb8efea5fecf69430290900a75f391efa0fcdb63216aac",
            "output_sha512": "01e982f502fd9c8147b7f90132edd01417238223faeac0050df5a905220c5bfdfac125ebe871fc760e3c47ff104af73cb8dd7af5616077cc6c3b71b91892eb90",
            "output_size": 7316,
            "source": [],
            "source_content": null,
            "source_content_filename": null,
            "source_dir": "./functions",
            "source_file": null,
            "type": "zip"
          },
          "sensitive_attributes": []
        }
      ]
    },
    {
      "module": "module.lambda",
      "mode": "managed",
      "type": "aws_cloudwatch_log_group",
      "name": "consumer_function_log_group",
      "provider": "provider[\"registry.terraform.io/hashicorp/aws\"]",
      "instances": [
        {
          "schema_version": 0,
          "attributes": {
            "arn": "arn:aws:logs:us-east-1:342134162356:log-group:/aws/lambda/ndnp-open-ocr-consumer-lambda-function",
            "id": "/aws/lambda/ndnp-open-ocr-consumer-lambda-function",
            "kms_key_id": "",
            "name": "/aws/lambda/ndnp-open-ocr-consumer-lambda-function",
            "name_prefix": null,
            "retention_in_days": 14,
            "tags": null,
            "tags_all": {}
          },
          "sensitive_attributes": [],
          "private": "bnVsbA==",
          "dependencies": [
            "module.iam.aws_iam_role.lambda_role",
            "module.lambda.aws_lambda_function.consumer_function",
            "module.lambda.aws_lambda_layer_version.lambda_layer",
            "module.lambda.data.archive_file.zip",
            "module.s3.aws_s3_bucket.bucket",
            "module.sqs.aws_sqs_queue.queue"
          ]
        }
      ]
    },
    {
      "module": "module.lambda",
      "mode": "managed",
      "type": "aws_cloudwatch_log_group",
      "name": "scheduler_function_log_group",
      "provider": "provider[\"registry.terraform.io/hashicorp/aws\"]",
      "instances": [
        {
          "schema_version": 0,
          "attributes": {
            "arn": "arn:aws:logs:us-east-1:342134162356:log-group:/aws/lambda/ndnp-open-ocr-scheduler-lambda-function",
            "id": "/aws/lambda/ndnp-open-ocr-scheduler-lambda-function",
            "kms_key_id": "",
            "name": "/aws/lambda/ndnp-open-ocr-scheduler-lambda-function",
            "name_prefix": null,
            "retention_in_days": 14,
            "tags": null,
            "tags_all": {}
          },
          "sensitive_attributes": [],
          "private": "bnVsbA==",
          "dependencies": [
            "module.iam.aws_iam_role.lambda_role",
            "module.lambda.aws_lambda_function.scheduler_function",
            "module.lambda.aws_lambda_layer_version.lambda_layer",
            "module.lambda.data.archive_file.zip",
            "module.s3.aws_s3_bucket.bucket",
            "module.sqs.aws_sqs_queue.queue"
          ]
        }
      ]
    },
    {
      "module": "module.lambda",
      "mode": "managed",
      "type": "aws_lambda_event_source_mapping",
      "name": "event_source_mapping",
      "provider": "provider[\"registry.terraform.io/hashicorp/aws\"]",
      "instances": [
        {
          "schema_version": 0,
          "attributes": {
            "batch_size": 3,
            "bisect_batch_on_function_error": false,
            "destination_config": [],
            "enabled": true,
            "event_source_arn": "arn:aws:sqs:us-east-1:342134162356:ndnp-open-ocr-queue",
            "filter_criteria": [],
            "function_arn": "arn:aws:lambda:us-east-1:342134162356:function:ndnp-open-ocr-consumer-lambda-function",
            "function_name": "arn:aws:lambda:us-east-1:342134162356:function:ndnp-open-ocr-consumer-lambda-function",
            "function_response_types": null,
            "id": "77a2c6f1-2127-438c-a466-1141e9619dd7",
            "last_modified": "2023-07-06T02:44:01Z",
            "last_processing_result": "",
            "maximum_batching_window_in_seconds": 0,
            "maximum_record_age_in_seconds": 0,
            "maximum_retry_attempts": 0,
            "parallelization_factor": 0,
            "queues": null,
            "self_managed_event_source": [],
            "source_access_configuration": [],
            "starting_position": "",
            "starting_position_timestamp": "",
            "state": "Enabled",
            "state_transition_reason": "USER_INITIATED",
            "topics": null,
            "tumbling_window_in_seconds": 0,
            "uuid": "77a2c6f1-2127-438c-a466-1141e9619dd7"
          },
          "sensitive_attributes": [],
          "private": "bnVsbA==",
          "dependencies": [
            "module.iam.aws_iam_role.lambda_role",
            "module.lambda.aws_lambda_function.consumer_function",
            "module.lambda.aws_lambda_layer_version.lambda_layer",
            "module.lambda.data.archive_file.zip",
            "module.s3.aws_s3_bucket.bucket",
            "module.sqs.aws_sqs_queue.queue"
          ]
        }
      ]
    },
    {
      "module": "module.lambda",
      "mode": "managed",
      "type": "aws_lambda_function",
      "name": "consumer_function",
      "provider": "provider[\"registry.terraform.io/hashicorp/aws\"]",
      "instances": [
        {
          "schema_version": 0,
          "attributes": {
            "architectures": [
              "x86_64"
            ],
            "arn": "arn:aws:lambda:us-east-1:342134162356:function:ndnp-open-ocr-consumer-lambda-function",
            "code_signing_config_arn": "",
            "dead_letter_config": [],
            "description": "",
            "environment": [
              {
                "variables": {
                  "LD_LIBRARY_PATH": "/opt/lib",
                  "OUTPUT_BUCKET_NAME": "ndnp-open-ocr-outputs-bucket-tester",
                  "PATH": "/opt/bin:/usr/local/bin:/usr/bin:/bin",
                  "QUEUE_URL": "https://sqs.us-east-1.amazonaws.com/342134162356/ndnp-open-ocr-queue",
                  "TABLE_NAME": "ndnp-open-ocr-table",
                  "TESSDATA_PREFIX": "/opt/share/tessdata",
                  "TMP": "/tmp"
                }
              }
            ],
            "file_system_config": [],
            "filename": "./resources/lambda/functions.zip",
            "function_name": "ndnp-open-ocr-consumer-lambda-function",
            "handler": "consumer.handler",
            "id": "ndnp-open-ocr-consumer-lambda-function",
            "image_config": [],
            "image_uri": "",
            "invoke_arn": "arn:aws:apigateway:us-east-1:lambda:path/2015-03-31/functions/arn:aws:lambda:us-east-1:342134162356:function:ndnp-open-ocr-consumer-lambda-function/invocations",
            "kms_key_arn": "",
            "last_modified": "2023-07-06T02:43:45.374+0000",
            "layers": [
              "arn:aws:lambda:us-east-1:342134162356:layer:ndnp-open-ocr-layer:3",
              "arn:aws:lambda:us-east-1:764866452798:layer:ghostscript:13",
              "arn:aws:lambda:us-east-1:445285296882:layer:perl-5-32-runtime-al2:2"
            ],
            "memory_size": 1024,
            "package_type": "Zip",
            "publish": false,
            "qualified_arn": "arn:aws:lambda:us-east-1:342134162356:function:ndnp-open-ocr-consumer-lambda-function:$LATEST",
            "reserved_concurrent_executions": -1,
            "role": "arn:aws:iam::342134162356:role/ndnp-open-ocr-lambda-role-1",
            "runtime": "python3.8",
            "s3_bucket": null,
            "s3_key": null,
            "s3_object_version": null,
            "signing_job_arn": "",
            "signing_profile_version_arn": "",
            "source_code_hash": "Vqb3uJopEdWau47+pf7PaUMCkJAKdfOR76D822Mhaqw=",
            "source_code_size": 7316,
            "tags": null,
            "tags_all": {},
            "timeout": 900,
            "timeouts": null,
            "tracing_config": [
              {
                "mode": "PassThrough"
              }
            ],
            "version": "$LATEST",
            "vpc_config": []
          },
          "sensitive_attributes": [],
          "private": "eyJlMmJmYjczMC1lY2FhLTExZTYtOGY4OC0zNDM2M2JjN2M0YzAiOnsiY3JlYXRlIjo2MDAwMDAwMDAwMDB9fQ==",
          "dependencies": [
            "module.iam.aws_iam_role.lambda_role",
            "module.lambda.aws_lambda_layer_version.lambda_layer",
            "module.lambda.data.archive_file.zip",
            "module.s3.aws_s3_bucket.bucket",
            "module.sqs.aws_sqs_queue.queue"
          ]
        }
      ]
    },
    {
      "module": "module.lambda",
      "mode": "managed",
      "type": "aws_lambda_function",
      "name": "scheduler_function",
      "provider": "provider[\"registry.terraform.io/hashicorp/aws\"]",
      "instances": [
        {
          "schema_version": 0,
          "attributes": {
            "architectures": [
              "x86_64"
            ],
            "arn": "arn:aws:lambda:us-east-1:342134162356:function:ndnp-open-ocr-scheduler-lambda-function",
            "code_signing_config_arn": "",
            "dead_letter_config": [],
            "description": "",
            "environment": [
              {
                "variables": {
                  "LD_LIBRARY_PATH": "/opt/lib",
                  "OUTPUT_BUCKET_NAME": "ndnp-open-ocr-outputs-bucket-tester",
                  "PATH": "/opt/bin:/usr/local/bin:/usr/bin:/bin",
                  "QUEUE_URL": "https://sqs.us-east-1.amazonaws.com/342134162356/ndnp-open-ocr-queue",
                  "TABLE_NAME": "ndnp-open-ocr-table",
                  "TESSDATA_PREFIX": "/opt/share/tessdata",
                  "TMP": "/tmp"
                }
              }
            ],
            "file_system_config": [],
            "filename": "./resources/lambda/functions.zip",
            "function_name": "ndnp-open-ocr-scheduler-lambda-function",
            "handler": "scheduler.handler",
            "id": "ndnp-open-ocr-scheduler-lambda-function",
            "image_config": [],
            "image_uri": "",
            "invoke_arn": "arn:aws:apigateway:us-east-1:lambda:path/2015-03-31/functions/arn:aws:lambda:us-east-1:342134162356:function:ndnp-open-ocr-scheduler-lambda-function/invocations",
            "kms_key_arn": "",
            "last_modified": "2023-07-06T02:43:33.632+0000",
            "layers": [
              "arn:aws:lambda:us-east-1:342134162356:layer:ndnp-open-ocr-layer:3"
            ],
            "memory_size": 128,
            "package_type": "Zip",
            "publish": false,
            "qualified_arn": "arn:aws:lambda:us-east-1:342134162356:function:ndnp-open-ocr-scheduler-lambda-function:$LATEST",
            "reserved_concurrent_executions": -1,
            "role": "arn:aws:iam::342134162356:role/ndnp-open-ocr-lambda-role-1",
            "runtime": "python3.8",
            "s3_bucket": null,
            "s3_key": null,
            "s3_object_version": null,
            "signing_job_arn": "",
            "signing_profile_version_arn": "",
            "source_code_hash": "Vqb3uJopEdWau47+pf7PaUMCkJAKdfOR76D822Mhaqw=",
            "source_code_size": 7316,
            "tags": null,
            "tags_all": {},
            "timeout": 120,
            "timeouts": null,
            "tracing_config": [
              {
                "mode": "PassThrough"
              }
            ],
            "version": "$LATEST",
            "vpc_config": []
          },
          "sensitive_attributes": [],
          "private": "eyJlMmJmYjczMC1lY2FhLTExZTYtOGY4OC0zNDM2M2JjN2M0YzAiOnsiY3JlYXRlIjo2MDAwMDAwMDAwMDB9fQ==",
          "dependencies": [
            "module.iam.aws_iam_role.lambda_role",
            "module.lambda.aws_lambda_layer_version.lambda_layer",
            "module.lambda.data.archive_file.zip",
            "module.s3.aws_s3_bucket.bucket",
            "module.sqs.aws_sqs_queue.queue"
          ]
        }
      ]
    },
    {
      "module": "module.lambda",
      "mode": "managed",
      "type": "aws_lambda_layer_version",
      "name": "lambda_layer",
      "provider": "provider[\"registry.terraform.io/hashicorp/aws\"]",
      "instances": [
        {
          "schema_version": 0,
          "attributes": {
            "arn": "arn:aws:lambda:us-east-1:342134162356:layer:ndnp-open-ocr-layer:3",
            "compatible_architectures": [],
            "compatible_runtimes": [
              "python3.8"
            ],
            "created_date": "2023-06-30T14:33:23.250+0000",
            "description": "",
            "filename": "layers.zip",
            "id": "arn:aws:lambda:us-east-1:342134162356:layer:ndnp-open-ocr-layer:3",
            "layer_arn": "arn:aws:lambda:us-east-1:342134162356:layer:ndnp-open-ocr-layer",
            "layer_name": "ndnp-open-ocr-layer",
            "license_info": "",
            "s3_bucket": null,
            "s3_key": null,
            "s3_object_version": null,
            "signing_job_arn": "",
            "signing_profile_version_arn": "",
            "skip_destroy": false,
            "source_code_hash": "gdcFcCSUIUApPFxHjElcLfpMqDImWEVu85TJ747JKjo=",
            "source_code_size": 50092985,
            "version": "3"
          },
          "sensitive_attributes": [],
          "private": "bnVsbA==",
          "create_before_destroy": true
        }
      ]
    },
    {
      "module": "module.lambda",
      "mode": "managed",
      "type": "aws_lambda_permission",
      "name": "apigw",
      "provider": "provider[\"registry.terraform.io/hashicorp/aws\"]",
      "instances": [
        {
          "schema_version": 0,
          "attributes": {
            "action": "lambda:InvokeFunction",
            "event_source_token": null,
            "function_name": "ndnp-open-ocr-scheduler-lambda-function",
            "id": "AllowExecutionFromAPIGatewayScheduler",
            "principal": "apigateway.amazonaws.com",
            "qualifier": "",
            "source_account": null,
            "source_arn": null,
            "statement_id": "AllowExecutionFromAPIGatewayScheduler",
            "statement_id_prefix": null
          },
          "sensitive_attributes": [],
          "private": "bnVsbA==",
          "dependencies": [
            "module.iam.aws_iam_role.lambda_role",
            "module.lambda.aws_lambda_function.scheduler_function",
            "module.lambda.aws_lambda_layer_version.lambda_layer",
            "module.lambda.data.archive_file.zip",
            "module.s3.aws_s3_bucket.bucket",
            "module.sqs.aws_sqs_queue.queue"
          ]
        }
      ]
    },
    {
      "module": "module.s3",
      "mode": "data",
      "type": "aws_iam_policy_document",
      "name": "s3",
      "provider": "provider[\"registry.terraform.io/hashicorp/aws\"]",
      "instances": [
        {
          "schema_version": 0,
          "attributes": {
            "id": "1090822216",
            "json": "{\n  \"Version\": \"2012-10-17\",\n  \"Statement\": [\n    {\n      \"Sid\": \"\",\n      \"Effect\": \"Allow\",\n      \"Action\": \"s3:*\",\n      \"Resource\": \"arn:aws:s3:::ndnp-open-ocr-outputs-bucket-tester/*\"\n    }\n  ]\n}",
            "override_json": null,
            "override_policy_documents": null,
            "policy_id": null,
            "source_json": null,
            "source_policy_documents": null,
            "statement": [
              {
                "actions": [
                  "s3:*"
                ],
                "condition": [],
                "effect": "Allow",
                "not_actions": [],
                "not_principals": [],
                "not_resources": [],
                "principals": [],
                "resources": [
                  "arn:aws:s3:::ndnp-open-ocr-outputs-bucket-tester/*"
                ],
                "sid": ""
              }
            ],
            "version": "2012-10-17"
          },
          "sensitive_attributes": []
        }
      ]
    },
    {
      "module": "module.s3",
      "mode": "managed",
      "type": "aws_s3_bucket",
      "name": "bucket",
      "provider": "provider[\"registry.terraform.io/hashicorp/aws\"]",
      "instances": [
        {
          "schema_version": 0,
          "attributes": {
            "acceleration_status": "",
            "acl": "private",
            "arn": "arn:aws:s3:::ndnp-open-ocr-outputs-bucket-tester",
            "bucket": "ndnp-open-ocr-outputs-bucket-tester",
            "bucket_domain_name": "ndnp-open-ocr-outputs-bucket-tester.s3.amazonaws.com",
            "bucket_prefix": null,
            "bucket_regional_domain_name": "ndnp-open-ocr-outputs-bucket-tester.s3.amazonaws.com",
            "cors_rule": [],
            "force_destroy": false,
            "grant": [],
            "hosted_zone_id": "Z3AQBSTGFYJSTF",
            "id": "ndnp-open-ocr-outputs-bucket-tester",
            "lifecycle_rule": [],
            "logging": [],
            "object_lock_configuration": [],
            "object_lock_enabled": false,
            "policy": null,
            "region": "us-east-1",
            "replication_configuration": [],
            "request_payer": "BucketOwner",
            "server_side_encryption_configuration": [
              {
                "rule": [
                  {
                    "apply_server_side_encryption_by_default": [
                      {
                        "kms_master_key_id": "",
                        "sse_algorithm": "AES256"
                      }
                    ],
                    "bucket_key_enabled": false
                  }
                ]
              }
            ],
            "tags": {
              "Environment": "Dev"
            },
            "tags_all": {
              "Environment": "Dev"
            },
            "versioning": [
              {
                "enabled": false,
                "mfa_delete": false
              }
            ],
            "website": [],
            "website_domain": null,
            "website_endpoint": null
          },
          "sensitive_attributes": [],
          "private": "bnVsbA=="
        },
        {
          "deposed": "2ed0b69c",
          "schema_version": 0,
          "attributes": {
            "acceleration_status": "",
            "acl": "private",
            "arn": "arn:aws:s3:::ndnp-open-ocr-outputs-bucket",
            "bucket": "ndnp-open-ocr-outputs-bucket",
            "bucket_domain_name": "ndnp-open-ocr-outputs-bucket.s3.amazonaws.com",
            "bucket_prefix": null,
            "bucket_regional_domain_name": "ndnp-open-ocr-outputs-bucket.s3.amazonaws.com",
            "cors_rule": [],
            "force_destroy": false,
            "grant": [],
            "hosted_zone_id": "Z3AQBSTGFYJSTF",
            "id": "ndnp-open-ocr-outputs-bucket",
            "lifecycle_rule": [],
            "logging": [],
            "object_lock_configuration": [],
            "object_lock_enabled": false,
            "policy": null,
            "region": "us-east-1",
            "replication_configuration": [],
            "request_payer": "BucketOwner",
            "server_side_encryption_configuration": [
              {
                "rule": [
                  {
                    "apply_server_side_encryption_by_default": [
                      {
                        "kms_master_key_id": "",
                        "sse_algorithm": "AES256"
                      }
                    ],
                    "bucket_key_enabled": false
                  }
                ]
              }
            ],
            "tags": {
              "Environment": "Dev"
            },
            "tags_all": {
              "Environment": "Dev"
            },
            "versioning": [
              {
                "enabled": false,
                "mfa_delete": false
              }
            ],
            "website": [],
            "website_domain": null,
            "website_endpoint": null
          },
          "sensitive_attributes": [],
          "private": "bnVsbA==",
          "create_before_destroy": true
        }
      ]
    },
    {
      "module": "module.sqs",
      "mode": "data",
      "type": "aws_iam_policy_document",
      "name": "sqs",
      "provider": "provider[\"registry.terraform.io/hashicorp/aws\"]",
      "instances": [
        {
          "schema_version": 0,
          "attributes": {
            "id": "4054657537",
            "json": "{\n  \"Version\": \"2012-10-17\",\n  \"Statement\": [\n    {\n      \"Sid\": \"\",\n      \"Effect\": \"Allow\",\n      \"Action\": \"sqs:*\",\n      \"Resource\": \"arn:aws:sqs:us-east-1:342134162356:ndnp-open-ocr-queue\"\n    }\n  ]\n}",
            "override_json": null,
            "override_policy_documents": null,
            "policy_id": null,
            "source_json": null,
            "source_policy_documents": null,
            "statement": [
              {
                "actions": [
                  "sqs:*"
                ],
                "condition": [],
                "effect": "Allow",
                "not_actions": [],
                "not_principals": [],
                "not_resources": [],
                "principals": [],
                "resources": [
                  "arn:aws:sqs:us-east-1:342134162356:ndnp-open-ocr-queue"
                ],
                "sid": ""
              }
            ],
            "version": "2012-10-17"
          },
          "sensitive_attributes": []
        }
      ]
    },
    {
      "module": "module.sqs",
      "mode": "managed",
      "type": "aws_sqs_queue",
      "name": "queue",
      "provider": "provider[\"registry.terraform.io/hashicorp/aws\"]",
      "instances": [
        {
          "schema_version": 0,
          "attributes": {
            "arn": "arn:aws:sqs:us-east-1:342134162356:ndnp-open-ocr-queue",
            "content_based_deduplication": false,
            "deduplication_scope": "",
            "delay_seconds": 0,
            "fifo_queue": false,
            "fifo_throughput_limit": "",
            "id": "https://sqs.us-east-1.amazonaws.com/342134162356/ndnp-open-ocr-queue",
            "kms_data_key_reuse_period_seconds": 300,
            "kms_master_key_id": "",
            "max_message_size": 1024,
            "message_retention_seconds": 345600,
            "name": "ndnp-open-ocr-queue",
            "name_prefix": "",
            "policy": "",
            "receive_wait_time_seconds": 0,
            "redrive_allow_policy": "",
            "redrive_policy": "",
            "sqs_managed_sse_enabled": true,
            "tags": {},
            "tags_all": {},
            "url": "https://sqs.us-east-1.amazonaws.com/342134162356/ndnp-open-ocr-queue",
            "visibility_timeout_seconds": 900
          },
          "sensitive_attributes": [],
          "private": "bnVsbA==",
          "create_before_destroy": true
        }
      ]
    }
  ],
  "check_results": null
}
